// !$*UTF8*$!
{
	archiveVersion = 1;
	classes = {
	};
	objectVersion = 56;
	objects = {

/* Begin PBXBuildFile section */
		DE3ADE612B62739A00C81271 /* HomeTabBarController.swift in Sources */ = {isa = PBXBuildFile; fileRef = DE3ADE602B62739A00C81271 /* HomeTabBarController.swift */; };
		DE3ADE652B67C7B400C81271 /* GetUserProfileModel.swift in Sources */ = {isa = PBXBuildFile; fileRef = DE3ADE642B67C7B400C81271 /* GetUserProfileModel.swift */; };
		DE3ADE682B6905FA00C81271 /* SideBarController.swift in Sources */ = {isa = PBXBuildFile; fileRef = DE3ADE672B6905FA00C81271 /* SideBarController.swift */; };
		DE3ADE6A2B6915C600C81271 /* Extension+KingfisherManger.swift in Sources */ = {isa = PBXBuildFile; fileRef = DE3ADE692B6915C600C81271 /* Extension+KingfisherManger.swift */; };
		DE3ADE6E2B6D55A800C81271 /* EmptyWorkSpaceSideView.swift in Sources */ = {isa = PBXBuildFile; fileRef = DE3ADE6D2B6D55A800C81271 /* EmptyWorkSpaceSideView.swift */; };
		DE3ADE702B71E57500C81271 /* SideBarViewModel.swift in Sources */ = {isa = PBXBuildFile; fileRef = DE3ADE6F2B71E57500C81271 /* SideBarViewModel.swift */; };
		DE3ADE722B71E9A100C81271 /* SideBarCell.swift in Sources */ = {isa = PBXBuildFile; fileRef = DE3ADE712B71E9A100C81271 /* SideBarCell.swift */; };
		DE3ADE742B71F17300C81271 /* Extension+Date.swift in Sources */ = {isa = PBXBuildFile; fileRef = DE3ADE732B71F17300C81271 /* Extension+Date.swift */; };
		DE3ADE782B73D1D400C81271 /* CustomAlertViewController.swift in Sources */ = {isa = PBXBuildFile; fileRef = DE3ADE772B73D1D400C81271 /* CustomAlertViewController.swift */; };
		DE3ADE7B2B76A53800C81271 /* EditWorkSpaceViewController.swift in Sources */ = {isa = PBXBuildFile; fileRef = DE3ADE7A2B76A53800C81271 /* EditWorkSpaceViewController.swift */; };
		DE3ADE7D2B76A5C300C81271 /* EditWorkSpaceViewModel.swift in Sources */ = {isa = PBXBuildFile; fileRef = DE3ADE7C2B76A5C300C81271 /* EditWorkSpaceViewModel.swift */; };
		DE3ADE802B78EAB300C81271 /* ChangeAdminViewController.swift in Sources */ = {isa = PBXBuildFile; fileRef = DE3ADE7F2B78EAB300C81271 /* ChangeAdminViewController.swift */; };
		DE3ADE822B78ECDA00C81271 /* ChangeAdminViewModel.swift in Sources */ = {isa = PBXBuildFile; fileRef = DE3ADE812B78ECDA00C81271 /* ChangeAdminViewModel.swift */; };
		DE3ADE842B78F03400C81271 /* UserInfoModel.swift in Sources */ = {isa = PBXBuildFile; fileRef = DE3ADE832B78F03400C81271 /* UserInfoModel.swift */; };
		DE3ADE872B78F56400C81271 /* MembersCollectionViewCell.swift in Sources */ = {isa = PBXBuildFile; fileRef = DE3ADE862B78F56400C81271 /* MembersCollectionViewCell.swift */; };
		DE62BDC22B52EF200008F463 /* WorkSpaceAddViewController.swift in Sources */ = {isa = PBXBuildFile; fileRef = DE62BDC12B52EF200008F463 /* WorkSpaceAddViewController.swift */; };
		DE62BDC42B52FD450008F463 /* Extension+UIImage.swift in Sources */ = {isa = PBXBuildFile; fileRef = DE62BDC32B52FD450008F463 /* Extension+UIImage.swift */; };
		DE62BDC62B53E3B50008F463 /* WorkSpaceAddViewModel.swift in Sources */ = {isa = PBXBuildFile; fileRef = DE62BDC52B53E3B50008F463 /* WorkSpaceAddViewModel.swift */; };
		DE62BDC82B5504A60008F463 /* WorkSpaceBodyModel.swift in Sources */ = {isa = PBXBuildFile; fileRef = DE62BDC72B5504A60008F463 /* WorkSpaceBodyModel.swift */; };
		DE8DD9D02B7CA11C00567F7A /* InviteMemberViewController.swift in Sources */ = {isa = PBXBuildFile; fileRef = DE8DD9CF2B7CA11C00567F7A /* InviteMemberViewController.swift */; };
		DE8DD9D22B7CAC4200567F7A /* InviteMemberViewModel.swift in Sources */ = {isa = PBXBuildFile; fileRef = DE8DD9D12B7CAC4200567F7A /* InviteMemberViewModel.swift */; };
		DE8DD9D42B7CB74A00567F7A /* InviteWorkspaceMemberBodyModel.swift in Sources */ = {isa = PBXBuildFile; fileRef = DE8DD9D32B7CB74A00567F7A /* InviteWorkspaceMemberBodyModel.swift */; };
		DE8DD9D92B7E3CFA00567F7A /* CreationChannelViewController.swift in Sources */ = {isa = PBXBuildFile; fileRef = DE8DD9D82B7E3CFA00567F7A /* CreationChannelViewController.swift */; };
		DE8DD9DB2B7E472100567F7A /* CreationViewModel.swift in Sources */ = {isa = PBXBuildFile; fileRef = DE8DD9DA2B7E472100567F7A /* CreationViewModel.swift */; };
		DE8DD9DD2B7E538900567F7A /* CreateChannelBodyModel.swift in Sources */ = {isa = PBXBuildFile; fileRef = DE8DD9DC2B7E538900567F7A /* CreateChannelBodyModel.swift */; };
		DE8DD9DF2B7FB99100567F7A /* SearchChannelViewController.swift in Sources */ = {isa = PBXBuildFile; fileRef = DE8DD9DE2B7FB99100567F7A /* SearchChannelViewController.swift */; };
		DE8DD9E12B7FB9A200567F7A /* SearchChannelViewModel.swift in Sources */ = {isa = PBXBuildFile; fileRef = DE8DD9E02B7FB9A200567F7A /* SearchChannelViewModel.swift */; };
		DE8DD9E72B83481900567F7A /* ChattingViewController.swift in Sources */ = {isa = PBXBuildFile; fileRef = DE8DD9E62B83481900567F7A /* ChattingViewController.swift */; };
		DE8DD9EA2B85C4BC00567F7A /* ChannelChatModel.swift in Sources */ = {isa = PBXBuildFile; fileRef = DE8DD9E92B85C4BC00567F7A /* ChannelChatModel.swift */; };
		DE8DD9EC2B85CD8900567F7A /* ChattingCollectionViewCell.swift in Sources */ = {isa = PBXBuildFile; fileRef = DE8DD9EB2B85CD8900567F7A /* ChattingCollectionViewCell.swift */; };
		DE8DD9EE2B860B0200567F7A /* ChattingViewModel.swift in Sources */ = {isa = PBXBuildFile; fileRef = DE8DD9ED2B860B0200567F7A /* ChattingViewModel.swift */; };
		DE8DD9F32B87638700567F7A /* Realm in Frameworks */ = {isa = PBXBuildFile; productRef = DE8DD9F22B87638700567F7A /* Realm */; };
		DE8DD9F52B87638700567F7A /* RealmSwift in Frameworks */ = {isa = PBXBuildFile; productRef = DE8DD9F42B87638700567F7A /* RealmSwift */; };
		DE8DD9F92B8766F800567F7A /* RealmChatModel.swift in Sources */ = {isa = PBXBuildFile; fileRef = DE8DD9F82B8766F800567F7A /* RealmChatModel.swift */; };
		DE8DD9FB2B8A853C00567F7A /* RealmManager.swift in Sources */ = {isa = PBXBuildFile; fileRef = DE8DD9FA2B8A853B00567F7A /* RealmManager.swift */; };
		DE8DDA002B8CD9F400567F7A /* ImageCollectionViewCell.swift in Sources */ = {isa = PBXBuildFile; fileRef = DE8DD9FF2B8CD9F400567F7A /* ImageCollectionViewCell.swift */; };
		DE8DDA022B8F5D1200567F7A /* SocketManager.swift in Sources */ = {isa = PBXBuildFile; fileRef = DE8DDA012B8F5D1200567F7A /* SocketManager.swift */; };
		DE8DDA062B8F6EE800567F7A /* SocketRouter.swift in Sources */ = {isa = PBXBuildFile; fileRef = DE8DDA052B8F6EE800567F7A /* SocketRouter.swift */; };
		DE8DDA112B8F988A00567F7A /* SocketIO in Frameworks */ = {isa = PBXBuildFile; productRef = DE8DDA102B8F988A00567F7A /* SocketIO */; };
		DE91F0682B46923B00F44E01 /* SignupViewController.swift in Sources */ = {isa = PBXBuildFile; fileRef = DE91F0672B46923B00F44E01 /* SignupViewController.swift */; };
		DE91F06A2B46980900F44E01 /* LabelTextField.swift in Sources */ = {isa = PBXBuildFile; fileRef = DE91F0692B46980900F44E01 /* LabelTextField.swift */; };
		DE91F06E2B480C8000F44E01 /* SignupViewModel.swift in Sources */ = {isa = PBXBuildFile; fileRef = DE91F06D2B480C8000F44E01 /* SignupViewModel.swift */; };
		DE91F0712B4818D300F44E01 /* Toast in Frameworks */ = {isa = PBXBuildFile; productRef = DE91F0702B4818D300F44E01 /* Toast */; };
		DE91F0732B4826C600F44E01 /* Extension+UIViewController.swift in Sources */ = {isa = PBXBuildFile; fileRef = DE91F0722B4826C600F44E01 /* Extension+UIViewController.swift */; };
		DE91F0752B4A6AB300F44E01 /* SecretKeys.swift in Sources */ = {isa = PBXBuildFile; fileRef = DE91F0742B4A6AB300F44E01 /* SecretKeys.swift */; };
		DE91F0772B4AA33200F44E01 /* Extension+String.swift in Sources */ = {isa = PBXBuildFile; fileRef = DE91F0762B4AA33200F44E01 /* Extension+String.swift */; };
		DE91F07A2B4AE75100F44E01 /* Router.swift in Sources */ = {isa = PBXBuildFile; fileRef = DE91F0792B4AE75100F44E01 /* Router.swift */; };
		DE91F07D2B4AE78B00F44E01 /* Moya in Frameworks */ = {isa = PBXBuildFile; productRef = DE91F07C2B4AE78B00F44E01 /* Moya */; };
		DE91F07F2B4AE78B00F44E01 /* RxMoya in Frameworks */ = {isa = PBXBuildFile; productRef = DE91F07E2B4AE78B00F44E01 /* RxMoya */; };
		DE91F0822B4BBFB400F44E01 /* SignupModel.swift in Sources */ = {isa = PBXBuildFile; fileRef = DE91F0812B4BBFB400F44E01 /* SignupModel.swift */; };
		DE91F0842B4C0BBC00F44E01 /* APIManger.swift in Sources */ = {isa = PBXBuildFile; fileRef = DE91F0832B4C0BBC00F44E01 /* APIManger.swift */; };
		DE91F0862B4C122B00F44E01 /* NetworkError.swift in Sources */ = {isa = PBXBuildFile; fileRef = DE91F0852B4C122B00F44E01 /* NetworkError.swift */; };
		DE91F0882B4C17D500F44E01 /* NetworkErrorModel.swift in Sources */ = {isa = PBXBuildFile; fileRef = DE91F0872B4C17D500F44E01 /* NetworkErrorModel.swift */; };
		DE91F08C2B4D154000F44E01 /* CheckEmailModel.swift in Sources */ = {isa = PBXBuildFile; fileRef = DE91F08B2B4D154000F44E01 /* CheckEmailModel.swift */; };
		DE91F08F2B4D1EAF00F44E01 /* IQKeyboardManagerSwift in Frameworks */ = {isa = PBXBuildFile; productRef = DE91F08E2B4D1EAF00F44E01 /* IQKeyboardManagerSwift */; };
		DE91F0932B4D4E0200F44E01 /* WorkSpaceInitialViewController.swift in Sources */ = {isa = PBXBuildFile; fileRef = DE91F0922B4D4E0200F44E01 /* WorkSpaceInitialViewController.swift */; };
		DE91F0962B4D69ED00F44E01 /* ToastMessageCase.swift in Sources */ = {isa = PBXBuildFile; fileRef = DE91F0952B4D69ED00F44E01 /* ToastMessageCase.swift */; };
		DE91F0982B4D6A1B00F44E01 /* SignupRequiredCase.swift in Sources */ = {isa = PBXBuildFile; fileRef = DE91F0972B4D6A1B00F44E01 /* SignupRequiredCase.swift */; };
		DE91F09A2B4E385600F44E01 /* UserDefaultsManager.swift in Sources */ = {isa = PBXBuildFile; fileRef = DE91F0992B4E385600F44E01 /* UserDefaultsManager.swift */; };
		DE91F09C2B4E38C300F44E01 /* UserDefaultsCase.swift in Sources */ = {isa = PBXBuildFile; fileRef = DE91F09B2B4E38C300F44E01 /* UserDefaultsCase.swift */; };
		DE91F0A02B5010E400F44E01 /* WorkSpaceInitialViewModel.swift in Sources */ = {isa = PBXBuildFile; fileRef = DE91F09F2B5010E400F44E01 /* WorkSpaceInitialViewModel.swift */; };
		DE91F0A32B501DB600F44E01 /* LoginViewController.swift in Sources */ = {isa = PBXBuildFile; fileRef = DE91F0A22B501DB600F44E01 /* LoginViewController.swift */; };
		DE91F0A52B510E6400F44E01 /* LoginViewModel.swift in Sources */ = {isa = PBXBuildFile; fileRef = DE91F0A42B510E6400F44E01 /* LoginViewModel.swift */; };
		DE91F0A72B511D4D00F44E01 /* LoginWrongTypeCase.swift in Sources */ = {isa = PBXBuildFile; fileRef = DE91F0A62B511D4D00F44E01 /* LoginWrongTypeCase.swift */; };
		DE91F0A92B51543E00F44E01 /* LoginModel.swift in Sources */ = {isa = PBXBuildFile; fileRef = DE91F0A82B51543E00F44E01 /* LoginModel.swift */; };
		DE9A0F6A2B61611000AF24CF /* GetMyDMmodel.swift in Sources */ = {isa = PBXBuildFile; fileRef = DE9A0F692B61611000AF24CF /* GetMyDMmodel.swift */; };
		DE9AC63E2B43AB7D004D50EF /* AppDelegate.swift in Sources */ = {isa = PBXBuildFile; fileRef = DE9AC63D2B43AB7D004D50EF /* AppDelegate.swift */; };
		DE9AC6402B43AB7D004D50EF /* SceneDelegate.swift in Sources */ = {isa = PBXBuildFile; fileRef = DE9AC63F2B43AB7D004D50EF /* SceneDelegate.swift */; };
		DE9AC6472B43AB7F004D50EF /* Assets.xcassets in Resources */ = {isa = PBXBuildFile; fileRef = DE9AC6462B43AB7F004D50EF /* Assets.xcassets */; };
		DE9AC64A2B43AB7F004D50EF /* LaunchScreen.storyboard in Resources */ = {isa = PBXBuildFile; fileRef = DE9AC6482B43AB7F004D50EF /* LaunchScreen.storyboard */; };
		DE9AC6532B43AD90004D50EF /* RxCocoa in Frameworks */ = {isa = PBXBuildFile; productRef = DE9AC6522B43AD90004D50EF /* RxCocoa */; };
		DE9AC6552B43AD90004D50EF /* RxRelay in Frameworks */ = {isa = PBXBuildFile; productRef = DE9AC6542B43AD90004D50EF /* RxRelay */; };
		DE9AC6572B43AD90004D50EF /* RxSwift in Frameworks */ = {isa = PBXBuildFile; productRef = DE9AC6562B43AD90004D50EF /* RxSwift */; };
		DE9AC65A2B43AD9F004D50EF /* Then in Frameworks */ = {isa = PBXBuildFile; productRef = DE9AC6592B43AD9F004D50EF /* Then */; };
		DE9AC65D2B43ADAB004D50EF /* Kingfisher in Frameworks */ = {isa = PBXBuildFile; productRef = DE9AC65C2B43ADAB004D50EF /* Kingfisher */; };
		DE9AC6602B43ADBF004D50EF /* SnapKit in Frameworks */ = {isa = PBXBuildFile; productRef = DE9AC65F2B43ADBF004D50EF /* SnapKit */; };
		DE9AC6662B451900004D50EF /* BaseView.swift in Sources */ = {isa = PBXBuildFile; fileRef = DE9AC6652B451900004D50EF /* BaseView.swift */; };
		DE9AC6692B4519DC004D50EF /* Extension+UIColor.swift in Sources */ = {isa = PBXBuildFile; fileRef = DE9AC6682B4519DC004D50EF /* Extension+UIColor.swift */; };
		DE9AC66B2B45337C004D50EF /* BaseViewController.swift in Sources */ = {isa = PBXBuildFile; fileRef = DE9AC66A2B45337C004D50EF /* BaseViewController.swift */; };
		DE9AC66F2B454BBA004D50EF /* Extension+UIFont.swift in Sources */ = {isa = PBXBuildFile; fileRef = DE9AC66E2B454BBA004D50EF /* Extension+UIFont.swift */; };
		DE9AC6732B45648F004D50EF /* SF-Pro.ttf in Resources */ = {isa = PBXBuildFile; fileRef = DE9AC6722B45648F004D50EF /* SF-Pro.ttf */; };
		DEA2F70B2B57CC2700C4D0AA /* HomeEmptyViewController.swift in Sources */ = {isa = PBXBuildFile; fileRef = DEA2F70A2B57CC2700C4D0AA /* HomeEmptyViewController.swift */; };
		DEA2F70D2B57CC2F00C4D0AA /* HomeEmptyViewModel.swift in Sources */ = {isa = PBXBuildFile; fileRef = DEA2F70C2B57CC2F00C4D0AA /* HomeEmptyViewModel.swift */; };
		DEA2F70F2B58D93100C4D0AA /* Extension+Kingfisher.swift in Sources */ = {isa = PBXBuildFile; fileRef = DEA2F70E2B58D93100C4D0AA /* Extension+Kingfisher.swift */; };
		DEA2F7112B593FD100C4D0AA /* BaseHomeViewController.swift in Sources */ = {isa = PBXBuildFile; fileRef = DEA2F7102B593FD100C4D0AA /* BaseHomeViewController.swift */; };
		DEA2F7132B594C4400C4D0AA /* RefreshAccessTokenModel.swift in Sources */ = {isa = PBXBuildFile; fileRef = DEA2F7122B594C4400C4D0AA /* RefreshAccessTokenModel.swift */; };
		DEA2F7192B5D66F700C4D0AA /* WorkSpaceModel.swift in Sources */ = {isa = PBXBuildFile; fileRef = DEA2F7182B5D66F700C4D0AA /* WorkSpaceModel.swift */; };
		DEA2F71B2B5E58ED00C4D0AA /* DeviceError.swift in Sources */ = {isa = PBXBuildFile; fileRef = DEA2F71A2B5E58ED00C4D0AA /* DeviceError.swift */; };
		DEA2F71D2B5E7D5600C4D0AA /* HomeInitialViewController.swift in Sources */ = {isa = PBXBuildFile; fileRef = DEA2F71C2B5E7D5600C4D0AA /* HomeInitialViewController.swift */; };
		DEA2F71F2B5E7DC600C4D0AA /* HomeInitialViewModel.swift in Sources */ = {isa = PBXBuildFile; fileRef = DEA2F71E2B5E7DC600C4D0AA /* HomeInitialViewModel.swift */; };
		DEAB5CE52B456E9C00C9A71C /* OnboardingViewController.swift in Sources */ = {isa = PBXBuildFile; fileRef = DEAB5CE42B456E9C00C9A71C /* OnboardingViewController.swift */; };
		DEAB5CE82B456FCB00C9A71C /* Extension+UIView.swift in Sources */ = {isa = PBXBuildFile; fileRef = DEAB5CE72B456FCB00C9A71C /* Extension+UIView.swift */; };
		DEAB5CEA2B4570E600C9A71C /* InteractionButton.swift in Sources */ = {isa = PBXBuildFile; fileRef = DEAB5CE92B4570E600C9A71C /* InteractionButton.swift */; };
		DEAB5CEF2B4589BD00C9A71C /* AuthViewController.swift in Sources */ = {isa = PBXBuildFile; fileRef = DEAB5CEE2B4589BD00C9A71C /* AuthViewController.swift */; };
		DEAB5CF12B458A3C00C9A71C /* ImageWrapButton.swift in Sources */ = {isa = PBXBuildFile; fileRef = DEAB5CF02B458A3C00C9A71C /* ImageWrapButton.swift */; };
		DEAB5CF52B45911000C9A71C /* ViewModelType.swift in Sources */ = {isa = PBXBuildFile; fileRef = DEAB5CF42B45911000C9A71C /* ViewModelType.swift */; };
		DED6A3732B6105FE009A0D49 /* ChannelModel.swift in Sources */ = {isa = PBXBuildFile; fileRef = DED6A3722B6105FE009A0D49 /* ChannelModel.swift */; };
/* End PBXBuildFile section */

/* Begin PBXFileReference section */
		DE3ADE602B62739A00C81271 /* HomeTabBarController.swift */ = {isa = PBXFileReference; lastKnownFileType = sourcecode.swift; path = HomeTabBarController.swift; sourceTree = "<group>"; };
		DE3ADE642B67C7B400C81271 /* GetUserProfileModel.swift */ = {isa = PBXFileReference; lastKnownFileType = sourcecode.swift; path = GetUserProfileModel.swift; sourceTree = "<group>"; };
		DE3ADE672B6905FA00C81271 /* SideBarController.swift */ = {isa = PBXFileReference; lastKnownFileType = sourcecode.swift; path = SideBarController.swift; sourceTree = "<group>"; };
		DE3ADE692B6915C600C81271 /* Extension+KingfisherManger.swift */ = {isa = PBXFileReference; lastKnownFileType = sourcecode.swift; path = "Extension+KingfisherManger.swift"; sourceTree = "<group>"; };
		DE3ADE6D2B6D55A800C81271 /* EmptyWorkSpaceSideView.swift */ = {isa = PBXFileReference; lastKnownFileType = sourcecode.swift; path = EmptyWorkSpaceSideView.swift; sourceTree = "<group>"; };
		DE3ADE6F2B71E57500C81271 /* SideBarViewModel.swift */ = {isa = PBXFileReference; lastKnownFileType = sourcecode.swift; path = SideBarViewModel.swift; sourceTree = "<group>"; };
		DE3ADE712B71E9A100C81271 /* SideBarCell.swift */ = {isa = PBXFileReference; lastKnownFileType = sourcecode.swift; path = SideBarCell.swift; sourceTree = "<group>"; };
		DE3ADE732B71F17300C81271 /* Extension+Date.swift */ = {isa = PBXFileReference; lastKnownFileType = sourcecode.swift; path = "Extension+Date.swift"; sourceTree = "<group>"; };
		DE3ADE772B73D1D400C81271 /* CustomAlertViewController.swift */ = {isa = PBXFileReference; lastKnownFileType = sourcecode.swift; path = CustomAlertViewController.swift; sourceTree = "<group>"; };
		DE3ADE7A2B76A53800C81271 /* EditWorkSpaceViewController.swift */ = {isa = PBXFileReference; lastKnownFileType = sourcecode.swift; path = EditWorkSpaceViewController.swift; sourceTree = "<group>"; };
		DE3ADE7C2B76A5C300C81271 /* EditWorkSpaceViewModel.swift */ = {isa = PBXFileReference; lastKnownFileType = sourcecode.swift; path = EditWorkSpaceViewModel.swift; sourceTree = "<group>"; };
		DE3ADE7F2B78EAB300C81271 /* ChangeAdminViewController.swift */ = {isa = PBXFileReference; lastKnownFileType = sourcecode.swift; path = ChangeAdminViewController.swift; sourceTree = "<group>"; };
		DE3ADE812B78ECDA00C81271 /* ChangeAdminViewModel.swift */ = {isa = PBXFileReference; lastKnownFileType = sourcecode.swift; path = ChangeAdminViewModel.swift; sourceTree = "<group>"; };
		DE3ADE832B78F03400C81271 /* UserInfoModel.swift */ = {isa = PBXFileReference; lastKnownFileType = sourcecode.swift; path = UserInfoModel.swift; sourceTree = "<group>"; };
		DE3ADE862B78F56400C81271 /* MembersCollectionViewCell.swift */ = {isa = PBXFileReference; lastKnownFileType = sourcecode.swift; path = MembersCollectionViewCell.swift; sourceTree = "<group>"; };
		DE62BDC12B52EF200008F463 /* WorkSpaceAddViewController.swift */ = {isa = PBXFileReference; lastKnownFileType = sourcecode.swift; path = WorkSpaceAddViewController.swift; sourceTree = "<group>"; };
		DE62BDC32B52FD450008F463 /* Extension+UIImage.swift */ = {isa = PBXFileReference; lastKnownFileType = sourcecode.swift; path = "Extension+UIImage.swift"; sourceTree = "<group>"; };
		DE62BDC52B53E3B50008F463 /* WorkSpaceAddViewModel.swift */ = {isa = PBXFileReference; lastKnownFileType = sourcecode.swift; path = WorkSpaceAddViewModel.swift; sourceTree = "<group>"; };
		DE62BDC72B5504A60008F463 /* WorkSpaceBodyModel.swift */ = {isa = PBXFileReference; lastKnownFileType = sourcecode.swift; path = WorkSpaceBodyModel.swift; sourceTree = "<group>"; };
		DE8DD9CF2B7CA11C00567F7A /* InviteMemberViewController.swift */ = {isa = PBXFileReference; lastKnownFileType = sourcecode.swift; path = InviteMemberViewController.swift; sourceTree = "<group>"; };
		DE8DD9D12B7CAC4200567F7A /* InviteMemberViewModel.swift */ = {isa = PBXFileReference; lastKnownFileType = sourcecode.swift; path = InviteMemberViewModel.swift; sourceTree = "<group>"; };
		DE8DD9D32B7CB74A00567F7A /* InviteWorkspaceMemberBodyModel.swift */ = {isa = PBXFileReference; lastKnownFileType = sourcecode.swift; path = InviteWorkspaceMemberBodyModel.swift; sourceTree = "<group>"; };
		DE8DD9D82B7E3CFA00567F7A /* CreationChannelViewController.swift */ = {isa = PBXFileReference; lastKnownFileType = sourcecode.swift; path = CreationChannelViewController.swift; sourceTree = "<group>"; };
		DE8DD9DA2B7E472100567F7A /* CreationViewModel.swift */ = {isa = PBXFileReference; lastKnownFileType = sourcecode.swift; path = CreationViewModel.swift; sourceTree = "<group>"; };
		DE8DD9DC2B7E538900567F7A /* CreateChannelBodyModel.swift */ = {isa = PBXFileReference; lastKnownFileType = sourcecode.swift; path = CreateChannelBodyModel.swift; sourceTree = "<group>"; };
		DE8DD9DE2B7FB99100567F7A /* SearchChannelViewController.swift */ = {isa = PBXFileReference; lastKnownFileType = sourcecode.swift; path = SearchChannelViewController.swift; sourceTree = "<group>"; };
		DE8DD9E02B7FB9A200567F7A /* SearchChannelViewModel.swift */ = {isa = PBXFileReference; lastKnownFileType = sourcecode.swift; path = SearchChannelViewModel.swift; sourceTree = "<group>"; };
		DE8DD9E62B83481900567F7A /* ChattingViewController.swift */ = {isa = PBXFileReference; lastKnownFileType = sourcecode.swift; path = ChattingViewController.swift; sourceTree = "<group>"; };
		DE8DD9E92B85C4BC00567F7A /* ChannelChatModel.swift */ = {isa = PBXFileReference; lastKnownFileType = sourcecode.swift; path = ChannelChatModel.swift; sourceTree = "<group>"; };
		DE8DD9EB2B85CD8900567F7A /* ChattingCollectionViewCell.swift */ = {isa = PBXFileReference; lastKnownFileType = sourcecode.swift; path = ChattingCollectionViewCell.swift; sourceTree = "<group>"; };
		DE8DD9ED2B860B0200567F7A /* ChattingViewModel.swift */ = {isa = PBXFileReference; lastKnownFileType = sourcecode.swift; path = ChattingViewModel.swift; sourceTree = "<group>"; };
		DE8DD9F82B8766F800567F7A /* RealmChatModel.swift */ = {isa = PBXFileReference; lastKnownFileType = sourcecode.swift; path = RealmChatModel.swift; sourceTree = "<group>"; };
		DE8DD9FA2B8A853B00567F7A /* RealmManager.swift */ = {isa = PBXFileReference; lastKnownFileType = sourcecode.swift; path = RealmManager.swift; sourceTree = "<group>"; };
		DE8DD9FF2B8CD9F400567F7A /* ImageCollectionViewCell.swift */ = {isa = PBXFileReference; lastKnownFileType = sourcecode.swift; path = ImageCollectionViewCell.swift; sourceTree = "<group>"; };
		DE8DDA012B8F5D1200567F7A /* SocketManager.swift */ = {isa = PBXFileReference; lastKnownFileType = sourcecode.swift; path = SocketManager.swift; sourceTree = "<group>"; };
		DE8DDA052B8F6EE800567F7A /* SocketRouter.swift */ = {isa = PBXFileReference; lastKnownFileType = sourcecode.swift; path = SocketRouter.swift; sourceTree = "<group>"; };
		DE91F0672B46923B00F44E01 /* SignupViewController.swift */ = {isa = PBXFileReference; lastKnownFileType = sourcecode.swift; path = SignupViewController.swift; sourceTree = "<group>"; };
		DE91F0692B46980900F44E01 /* LabelTextField.swift */ = {isa = PBXFileReference; lastKnownFileType = sourcecode.swift; path = LabelTextField.swift; sourceTree = "<group>"; };
		DE91F06D2B480C8000F44E01 /* SignupViewModel.swift */ = {isa = PBXFileReference; lastKnownFileType = sourcecode.swift; path = SignupViewModel.swift; sourceTree = "<group>"; };
		DE91F0722B4826C600F44E01 /* Extension+UIViewController.swift */ = {isa = PBXFileReference; lastKnownFileType = sourcecode.swift; path = "Extension+UIViewController.swift"; sourceTree = "<group>"; };
		DE91F0742B4A6AB300F44E01 /* SecretKeys.swift */ = {isa = PBXFileReference; lastKnownFileType = sourcecode.swift; path = SecretKeys.swift; sourceTree = "<group>"; };
		DE91F0762B4AA33200F44E01 /* Extension+String.swift */ = {isa = PBXFileReference; lastKnownFileType = sourcecode.swift; path = "Extension+String.swift"; sourceTree = "<group>"; };
		DE91F0792B4AE75100F44E01 /* Router.swift */ = {isa = PBXFileReference; lastKnownFileType = sourcecode.swift; path = Router.swift; sourceTree = "<group>"; };
		DE91F0812B4BBFB400F44E01 /* SignupModel.swift */ = {isa = PBXFileReference; lastKnownFileType = sourcecode.swift; path = SignupModel.swift; sourceTree = "<group>"; };
		DE91F0832B4C0BBC00F44E01 /* APIManger.swift */ = {isa = PBXFileReference; lastKnownFileType = sourcecode.swift; path = APIManger.swift; sourceTree = "<group>"; };
		DE91F0852B4C122B00F44E01 /* NetworkError.swift */ = {isa = PBXFileReference; lastKnownFileType = sourcecode.swift; path = NetworkError.swift; sourceTree = "<group>"; };
		DE91F0872B4C17D500F44E01 /* NetworkErrorModel.swift */ = {isa = PBXFileReference; lastKnownFileType = sourcecode.swift; path = NetworkErrorModel.swift; sourceTree = "<group>"; };
		DE91F08B2B4D154000F44E01 /* CheckEmailModel.swift */ = {isa = PBXFileReference; lastKnownFileType = sourcecode.swift; path = CheckEmailModel.swift; sourceTree = "<group>"; };
		DE91F0922B4D4E0200F44E01 /* WorkSpaceInitialViewController.swift */ = {isa = PBXFileReference; lastKnownFileType = sourcecode.swift; path = WorkSpaceInitialViewController.swift; sourceTree = "<group>"; };
		DE91F0952B4D69ED00F44E01 /* ToastMessageCase.swift */ = {isa = PBXFileReference; lastKnownFileType = sourcecode.swift; path = ToastMessageCase.swift; sourceTree = "<group>"; };
		DE91F0972B4D6A1B00F44E01 /* SignupRequiredCase.swift */ = {isa = PBXFileReference; lastKnownFileType = sourcecode.swift; path = SignupRequiredCase.swift; sourceTree = "<group>"; };
		DE91F0992B4E385600F44E01 /* UserDefaultsManager.swift */ = {isa = PBXFileReference; lastKnownFileType = sourcecode.swift; path = UserDefaultsManager.swift; sourceTree = "<group>"; };
		DE91F09B2B4E38C300F44E01 /* UserDefaultsCase.swift */ = {isa = PBXFileReference; lastKnownFileType = sourcecode.swift; path = UserDefaultsCase.swift; sourceTree = "<group>"; };
		DE91F09F2B5010E400F44E01 /* WorkSpaceInitialViewModel.swift */ = {isa = PBXFileReference; lastKnownFileType = sourcecode.swift; path = WorkSpaceInitialViewModel.swift; sourceTree = "<group>"; };
		DE91F0A22B501DB600F44E01 /* LoginViewController.swift */ = {isa = PBXFileReference; lastKnownFileType = sourcecode.swift; path = LoginViewController.swift; sourceTree = "<group>"; };
		DE91F0A42B510E6400F44E01 /* LoginViewModel.swift */ = {isa = PBXFileReference; lastKnownFileType = sourcecode.swift; path = LoginViewModel.swift; sourceTree = "<group>"; };
		DE91F0A62B511D4D00F44E01 /* LoginWrongTypeCase.swift */ = {isa = PBXFileReference; lastKnownFileType = sourcecode.swift; path = LoginWrongTypeCase.swift; sourceTree = "<group>"; };
		DE91F0A82B51543E00F44E01 /* LoginModel.swift */ = {isa = PBXFileReference; lastKnownFileType = sourcecode.swift; path = LoginModel.swift; sourceTree = "<group>"; };
		DE9A0F692B61611000AF24CF /* GetMyDMmodel.swift */ = {isa = PBXFileReference; lastKnownFileType = sourcecode.swift; path = GetMyDMmodel.swift; sourceTree = "<group>"; };
		DE9AC63A2B43AB7D004D50EF /* GrowingTalk.app */ = {isa = PBXFileReference; explicitFileType = wrapper.application; includeInIndex = 0; path = GrowingTalk.app; sourceTree = BUILT_PRODUCTS_DIR; };
		DE9AC63D2B43AB7D004D50EF /* AppDelegate.swift */ = {isa = PBXFileReference; lastKnownFileType = sourcecode.swift; path = AppDelegate.swift; sourceTree = "<group>"; };
		DE9AC63F2B43AB7D004D50EF /* SceneDelegate.swift */ = {isa = PBXFileReference; lastKnownFileType = sourcecode.swift; path = SceneDelegate.swift; sourceTree = "<group>"; };
		DE9AC6462B43AB7F004D50EF /* Assets.xcassets */ = {isa = PBXFileReference; lastKnownFileType = folder.assetcatalog; path = Assets.xcassets; sourceTree = "<group>"; };
		DE9AC6492B43AB7F004D50EF /* Base */ = {isa = PBXFileReference; lastKnownFileType = file.storyboard; name = Base; path = Base.lproj/LaunchScreen.storyboard; sourceTree = "<group>"; };
		DE9AC64B2B43AB7F004D50EF /* Info.plist */ = {isa = PBXFileReference; lastKnownFileType = text.plist.xml; path = Info.plist; sourceTree = "<group>"; };
		DE9AC6652B451900004D50EF /* BaseView.swift */ = {isa = PBXFileReference; lastKnownFileType = sourcecode.swift; path = BaseView.swift; sourceTree = "<group>"; };
		DE9AC6682B4519DC004D50EF /* Extension+UIColor.swift */ = {isa = PBXFileReference; lastKnownFileType = sourcecode.swift; path = "Extension+UIColor.swift"; sourceTree = "<group>"; };
		DE9AC66A2B45337C004D50EF /* BaseViewController.swift */ = {isa = PBXFileReference; lastKnownFileType = sourcecode.swift; path = BaseViewController.swift; sourceTree = "<group>"; };
		DE9AC66E2B454BBA004D50EF /* Extension+UIFont.swift */ = {isa = PBXFileReference; lastKnownFileType = sourcecode.swift; path = "Extension+UIFont.swift"; sourceTree = "<group>"; };
		DE9AC6722B45648F004D50EF /* SF-Pro.ttf */ = {isa = PBXFileReference; lastKnownFileType = file; path = "SF-Pro.ttf"; sourceTree = "<group>"; };
		DEA2F70A2B57CC2700C4D0AA /* HomeEmptyViewController.swift */ = {isa = PBXFileReference; lastKnownFileType = sourcecode.swift; path = HomeEmptyViewController.swift; sourceTree = "<group>"; };
		DEA2F70C2B57CC2F00C4D0AA /* HomeEmptyViewModel.swift */ = {isa = PBXFileReference; lastKnownFileType = sourcecode.swift; path = HomeEmptyViewModel.swift; sourceTree = "<group>"; };
		DEA2F70E2B58D93100C4D0AA /* Extension+Kingfisher.swift */ = {isa = PBXFileReference; lastKnownFileType = sourcecode.swift; path = "Extension+Kingfisher.swift"; sourceTree = "<group>"; };
		DEA2F7102B593FD100C4D0AA /* BaseHomeViewController.swift */ = {isa = PBXFileReference; lastKnownFileType = sourcecode.swift; path = BaseHomeViewController.swift; sourceTree = "<group>"; };
		DEA2F7122B594C4400C4D0AA /* RefreshAccessTokenModel.swift */ = {isa = PBXFileReference; lastKnownFileType = sourcecode.swift; path = RefreshAccessTokenModel.swift; sourceTree = "<group>"; };
		DEA2F7182B5D66F700C4D0AA /* WorkSpaceModel.swift */ = {isa = PBXFileReference; lastKnownFileType = sourcecode.swift; path = WorkSpaceModel.swift; sourceTree = "<group>"; };
		DEA2F71A2B5E58ED00C4D0AA /* DeviceError.swift */ = {isa = PBXFileReference; lastKnownFileType = sourcecode.swift; path = DeviceError.swift; sourceTree = "<group>"; };
		DEA2F71C2B5E7D5600C4D0AA /* HomeInitialViewController.swift */ = {isa = PBXFileReference; lastKnownFileType = sourcecode.swift; path = HomeInitialViewController.swift; sourceTree = "<group>"; };
		DEA2F71E2B5E7DC600C4D0AA /* HomeInitialViewModel.swift */ = {isa = PBXFileReference; lastKnownFileType = sourcecode.swift; path = HomeInitialViewModel.swift; sourceTree = "<group>"; };
		DEAB5CE42B456E9C00C9A71C /* OnboardingViewController.swift */ = {isa = PBXFileReference; lastKnownFileType = sourcecode.swift; path = OnboardingViewController.swift; sourceTree = "<group>"; };
		DEAB5CE72B456FCB00C9A71C /* Extension+UIView.swift */ = {isa = PBXFileReference; lastKnownFileType = sourcecode.swift; path = "Extension+UIView.swift"; sourceTree = "<group>"; };
		DEAB5CE92B4570E600C9A71C /* InteractionButton.swift */ = {isa = PBXFileReference; lastKnownFileType = sourcecode.swift; path = InteractionButton.swift; sourceTree = "<group>"; };
		DEAB5CEE2B4589BD00C9A71C /* AuthViewController.swift */ = {isa = PBXFileReference; lastKnownFileType = sourcecode.swift; path = AuthViewController.swift; sourceTree = "<group>"; };
		DEAB5CF02B458A3C00C9A71C /* ImageWrapButton.swift */ = {isa = PBXFileReference; lastKnownFileType = sourcecode.swift; path = ImageWrapButton.swift; sourceTree = "<group>"; };
		DEAB5CF42B45911000C9A71C /* ViewModelType.swift */ = {isa = PBXFileReference; lastKnownFileType = sourcecode.swift; path = ViewModelType.swift; sourceTree = "<group>"; };
		DED6A3722B6105FE009A0D49 /* ChannelModel.swift */ = {isa = PBXFileReference; lastKnownFileType = sourcecode.swift; path = ChannelModel.swift; sourceTree = "<group>"; };
/* End PBXFileReference section */

/* Begin PBXFrameworksBuildPhase section */
		DE9AC6372B43AB7D004D50EF /* Frameworks */ = {
			isa = PBXFrameworksBuildPhase;
			buildActionMask = 2147483647;
			files = (
				DE8DD9F52B87638700567F7A /* RealmSwift in Frameworks */,
				DE8DD9F32B87638700567F7A /* Realm in Frameworks */,
				DE9AC6572B43AD90004D50EF /* RxSwift in Frameworks */,
				DE8DDA112B8F988A00567F7A /* SocketIO in Frameworks */,
				DE9AC6552B43AD90004D50EF /* RxRelay in Frameworks */,
				DE91F07D2B4AE78B00F44E01 /* Moya in Frameworks */,
				DE9AC6532B43AD90004D50EF /* RxCocoa in Frameworks */,
				DE9AC6602B43ADBF004D50EF /* SnapKit in Frameworks */,
				DE91F08F2B4D1EAF00F44E01 /* IQKeyboardManagerSwift in Frameworks */,
				DE9AC65A2B43AD9F004D50EF /* Then in Frameworks */,
				DE91F07F2B4AE78B00F44E01 /* RxMoya in Frameworks */,
				DE91F0712B4818D300F44E01 /* Toast in Frameworks */,
				DE9AC65D2B43ADAB004D50EF /* Kingfisher in Frameworks */,
			);
			runOnlyForDeploymentPostprocessing = 0;
		};
/* End PBXFrameworksBuildPhase section */

/* Begin PBXGroup section */
		DE3ADE622B67C5FD00C81271 /* Empty */ = {
			isa = PBXGroup;
			children = (
				DEA2F70A2B57CC2700C4D0AA /* HomeEmptyViewController.swift */,
				DEA2F70C2B57CC2F00C4D0AA /* HomeEmptyViewModel.swift */,
			);
			path = Empty;
			sourceTree = "<group>";
		};
		DE3ADE632B67C60E00C81271 /* Initial */ = {
			isa = PBXGroup;
			children = (
				DEA2F71C2B5E7D5600C4D0AA /* HomeInitialViewController.swift */,
				DEA2F71E2B5E7DC600C4D0AA /* HomeInitialViewModel.swift */,
			);
			path = Initial;
			sourceTree = "<group>";
		};
		DE3ADE662B68E94500C81271 /* SideBar */ = {
			isa = PBXGroup;
			children = (
				DE3ADE752B7264D100C81271 /* Cell */,
				DE3ADE672B6905FA00C81271 /* SideBarController.swift */,
				DE3ADE6F2B71E57500C81271 /* SideBarViewModel.swift */,
			);
			path = SideBar;
			sourceTree = "<group>";
		};
		DE3ADE752B7264D100C81271 /* Cell */ = {
			isa = PBXGroup;
			children = (
				DE3ADE712B71E9A100C81271 /* SideBarCell.swift */,
				DE3ADE6D2B6D55A800C81271 /* EmptyWorkSpaceSideView.swift */,
			);
			path = Cell;
			sourceTree = "<group>";
		};
		DE3ADE762B73D1BC00C81271 /* CustomAlert */ = {
			isa = PBXGroup;
			children = (
				DE3ADE772B73D1D400C81271 /* CustomAlertViewController.swift */,
			);
			path = CustomAlert;
			sourceTree = "<group>";
		};
		DE3ADE792B76A52800C81271 /* Edit */ = {
			isa = PBXGroup;
			children = (
				DE3ADE7A2B76A53800C81271 /* EditWorkSpaceViewController.swift */,
				DE3ADE7C2B76A5C300C81271 /* EditWorkSpaceViewModel.swift */,
			);
			path = Edit;
			sourceTree = "<group>";
		};
		DE3ADE7E2B78EA9F00C81271 /* ChangeAdmin */ = {
			isa = PBXGroup;
			children = (
				DE3ADE852B78F53E00C81271 /* Cell */,
				DE3ADE7F2B78EAB300C81271 /* ChangeAdminViewController.swift */,
				DE3ADE812B78ECDA00C81271 /* ChangeAdminViewModel.swift */,
			);
			path = ChangeAdmin;
			sourceTree = "<group>";
		};
		DE3ADE852B78F53E00C81271 /* Cell */ = {
			isa = PBXGroup;
			children = (
				DE3ADE862B78F56400C81271 /* MembersCollectionViewCell.swift */,
			);
			path = Cell;
			sourceTree = "<group>";
		};
		DE62BDC02B52EF120008F463 /* Add */ = {
			isa = PBXGroup;
			children = (
				DE62BDC12B52EF200008F463 /* WorkSpaceAddViewController.swift */,
				DE62BDC52B53E3B50008F463 /* WorkSpaceAddViewModel.swift */,
			);
			path = Add;
			sourceTree = "<group>";
		};
		DE8DD9CE2B7CA0AB00567F7A /* InviteMember */ = {
			isa = PBXGroup;
			children = (
				DE8DD9CF2B7CA11C00567F7A /* InviteMemberViewController.swift */,
				DE8DD9D12B7CAC4200567F7A /* InviteMemberViewModel.swift */,
			);
			path = InviteMember;
			sourceTree = "<group>";
		};
		DE8DD9D52B7E3CBC00567F7A /* Channel */ = {
			isa = PBXGroup;
			children = (
				DE8DD9D72B7E3CD100567F7A /* Search */,
				DE8DD9D62B7E3CC600567F7A /* Creation */,
			);
			path = Channel;
			sourceTree = "<group>";
		};
		DE8DD9D62B7E3CC600567F7A /* Creation */ = {
			isa = PBXGroup;
			children = (
				DE8DD9D82B7E3CFA00567F7A /* CreationChannelViewController.swift */,
				DE8DD9DA2B7E472100567F7A /* CreationViewModel.swift */,
			);
			path = Creation;
			sourceTree = "<group>";
		};
		DE8DD9D72B7E3CD100567F7A /* Search */ = {
			isa = PBXGroup;
			children = (
				DE8DD9DE2B7FB99100567F7A /* SearchChannelViewController.swift */,
				DE8DD9E02B7FB9A200567F7A /* SearchChannelViewModel.swift */,
			);
			path = Search;
			sourceTree = "<group>";
		};
		DE8DD9E52B8347FE00567F7A /* Chatting */ = {
			isa = PBXGroup;
			children = (
				DE8DD9E82B83487000567F7A /* Cell */,
				DE8DD9E62B83481900567F7A /* ChattingViewController.swift */,
				DE8DD9ED2B860B0200567F7A /* ChattingViewModel.swift */,
			);
			path = Chatting;
			sourceTree = "<group>";
		};
		DE8DD9E82B83487000567F7A /* Cell */ = {
			isa = PBXGroup;
			children = (
				DE8DD9EB2B85CD8900567F7A /* ChattingCollectionViewCell.swift */,
				DE8DD9FF2B8CD9F400567F7A /* ImageCollectionViewCell.swift */,
			);
			path = Cell;
			sourceTree = "<group>";
		};
		DE8DD9EF2B8761D600567F7A /* DataBase */ = {
			isa = PBXGroup;
			children = (
				DE8DD9FA2B8A853B00567F7A /* RealmManager.swift */,
			);
			path = DataBase;
			sourceTree = "<group>";
		};
		DE8DDA092B8F91AD00567F7A /* Frameworks */ = {
			isa = PBXGroup;
			children = (
			);
			name = Frameworks;
			sourceTree = "<group>";
		};
		DE91F0662B46922500F44E01 /* Signup */ = {
			isa = PBXGroup;
			children = (
				DE91F0672B46923B00F44E01 /* SignupViewController.swift */,
				DE91F06D2B480C8000F44E01 /* SignupViewModel.swift */,
			);
			path = Signup;
			sourceTree = "<group>";
		};
		DE91F0782B4AE74200F44E01 /* Network */ = {
			isa = PBXGroup;
			children = (
				DE91F0792B4AE75100F44E01 /* Router.swift */,
				DE91F0832B4C0BBC00F44E01 /* APIManger.swift */,
				DE91F0852B4C122B00F44E01 /* NetworkError.swift */,
				DE8DDA012B8F5D1200567F7A /* SocketManager.swift */,
				DE8DDA052B8F6EE800567F7A /* SocketRouter.swift */,
			);
			path = Network;
			sourceTree = "<group>";
		};
		DE91F0802B4BBFA900F44E01 /* Model */ = {
			isa = PBXGroup;
			children = (
				DE91F0812B4BBFB400F44E01 /* SignupModel.swift */,
				DE91F08B2B4D154000F44E01 /* CheckEmailModel.swift */,
				DE91F0872B4C17D500F44E01 /* NetworkErrorModel.swift */,
				DE91F0A82B51543E00F44E01 /* LoginModel.swift */,
				DE62BDC72B5504A60008F463 /* WorkSpaceBodyModel.swift */,
				DEA2F7122B594C4400C4D0AA /* RefreshAccessTokenModel.swift */,
				DEA2F7182B5D66F700C4D0AA /* WorkSpaceModel.swift */,
				DED6A3722B6105FE009A0D49 /* ChannelModel.swift */,
				DE9A0F692B61611000AF24CF /* GetMyDMmodel.swift */,
				DE3ADE642B67C7B400C81271 /* GetUserProfileModel.swift */,
				DE3ADE832B78F03400C81271 /* UserInfoModel.swift */,
				DE8DD9D32B7CB74A00567F7A /* InviteWorkspaceMemberBodyModel.swift */,
				DE8DD9DC2B7E538900567F7A /* CreateChannelBodyModel.swift */,
				DE8DD9E92B85C4BC00567F7A /* ChannelChatModel.swift */,
				DE8DD9F82B8766F800567F7A /* RealmChatModel.swift */,
			);
			path = Model;
			sourceTree = "<group>";
		};
		DE91F0902B4D4DC100F44E01 /* WorkSpace */ = {
			isa = PBXGroup;
			children = (
				DE8DD9D52B7E3CBC00567F7A /* Channel */,
				DE8DD9CE2B7CA0AB00567F7A /* InviteMember */,
				DE3ADE7E2B78EA9F00C81271 /* ChangeAdmin */,
				DE3ADE792B76A52800C81271 /* Edit */,
				DEA2F7092B57CBDF00C4D0AA /* Home */,
				DE62BDC02B52EF120008F463 /* Add */,
				DE91F0912B4D4DF000F44E01 /* Initial */,
			);
			path = WorkSpace;
			sourceTree = "<group>";
		};
		DE91F0912B4D4DF000F44E01 /* Initial */ = {
			isa = PBXGroup;
			children = (
				DE91F0922B4D4E0200F44E01 /* WorkSpaceInitialViewController.swift */,
				DE91F09F2B5010E400F44E01 /* WorkSpaceInitialViewModel.swift */,
			);
			path = Initial;
			sourceTree = "<group>";
		};
		DE91F0942B4D69DB00F44E01 /* Helper */ = {
			isa = PBXGroup;
			children = (
				DE91F0952B4D69ED00F44E01 /* ToastMessageCase.swift */,
				DE91F0972B4D6A1B00F44E01 /* SignupRequiredCase.swift */,
				DE91F0992B4E385600F44E01 /* UserDefaultsManager.swift */,
				DE91F09B2B4E38C300F44E01 /* UserDefaultsCase.swift */,
				DE91F0A62B511D4D00F44E01 /* LoginWrongTypeCase.swift */,
				DEA2F71A2B5E58ED00C4D0AA /* DeviceError.swift */,
			);
			path = Helper;
			sourceTree = "<group>";
		};
		DE91F0A12B501DA800F44E01 /* Login */ = {
			isa = PBXGroup;
			children = (
				DE91F0A22B501DB600F44E01 /* LoginViewController.swift */,
				DE91F0A42B510E6400F44E01 /* LoginViewModel.swift */,
			);
			path = Login;
			sourceTree = "<group>";
		};
		DE9AC6312B43AB7D004D50EF = {
			isa = PBXGroup;
			children = (
				DE9AC63C2B43AB7D004D50EF /* GrowingTalk */,
				DE9AC63B2B43AB7D004D50EF /* Products */,
				DE8DDA092B8F91AD00567F7A /* Frameworks */,
			);
			sourceTree = "<group>";
		};
		DE9AC63B2B43AB7D004D50EF /* Products */ = {
			isa = PBXGroup;
			children = (
				DE9AC63A2B43AB7D004D50EF /* GrowingTalk.app */,
			);
			name = Products;
			sourceTree = "<group>";
		};
		DE9AC63C2B43AB7D004D50EF /* GrowingTalk */ = {
			isa = PBXGroup;
			children = (
				DE8DD9EF2B8761D600567F7A /* DataBase */,
				DE91F0942B4D69DB00F44E01 /* Helper */,
				DE91F0802B4BBFA900F44E01 /* Model */,
				DE91F0782B4AE74200F44E01 /* Network */,
				DEAB5CE62B456EA500C9A71C /* CustomView */,
				DEAB5CE32B456AC000C9A71C /* App */,
				DE9AC6702B4563D2004D50EF /* Font */,
				DE9AC6672B4519CE004D50EF /* Extension */,
				DE9AC6632B4518E8004D50EF /* Scene */,
				DE9AC6462B43AB7F004D50EF /* Assets.xcassets */,
				DE9AC6482B43AB7F004D50EF /* LaunchScreen.storyboard */,
				DE9AC64B2B43AB7F004D50EF /* Info.plist */,
				DE91F0742B4A6AB300F44E01 /* SecretKeys.swift */,
			);
			path = GrowingTalk;
			sourceTree = "<group>";
		};
		DE9AC6632B4518E8004D50EF /* Scene */ = {
			isa = PBXGroup;
			children = (
				DE8DD9E52B8347FE00567F7A /* Chatting */,
				DE3ADE762B73D1BC00C81271 /* CustomAlert */,
				DE91F0662B46922500F44E01 /* Signup */,
				DEAB5CEB2B45893100C9A71C /* Onboarding */,
				DE91F0A12B501DA800F44E01 /* Login */,
				DE91F0902B4D4DC100F44E01 /* WorkSpace */,
				DE9AC6642B4518F3004D50EF /* Base */,
			);
			path = Scene;
			sourceTree = "<group>";
		};
		DE9AC6642B4518F3004D50EF /* Base */ = {
			isa = PBXGroup;
			children = (
				DEAB5CF42B45911000C9A71C /* ViewModelType.swift */,
				DE9AC6652B451900004D50EF /* BaseView.swift */,
				DE9AC66A2B45337C004D50EF /* BaseViewController.swift */,
				DEA2F7102B593FD100C4D0AA /* BaseHomeViewController.swift */,
			);
			path = Base;
			sourceTree = "<group>";
		};
		DE9AC6672B4519CE004D50EF /* Extension */ = {
			isa = PBXGroup;
			children = (
				DE9AC6682B4519DC004D50EF /* Extension+UIColor.swift */,
				DE9AC66E2B454BBA004D50EF /* Extension+UIFont.swift */,
				DEAB5CE72B456FCB00C9A71C /* Extension+UIView.swift */,
				DE91F0722B4826C600F44E01 /* Extension+UIViewController.swift */,
				DE91F0762B4AA33200F44E01 /* Extension+String.swift */,
				DE62BDC32B52FD450008F463 /* Extension+UIImage.swift */,
				DEA2F70E2B58D93100C4D0AA /* Extension+Kingfisher.swift */,
				DE3ADE692B6915C600C81271 /* Extension+KingfisherManger.swift */,
				DE3ADE732B71F17300C81271 /* Extension+Date.swift */,
			);
			path = Extension;
			sourceTree = "<group>";
		};
		DE9AC6702B4563D2004D50EF /* Font */ = {
			isa = PBXGroup;
			children = (
				DE9AC6722B45648F004D50EF /* SF-Pro.ttf */,
			);
			path = Font;
			sourceTree = "<group>";
		};
		DEA2F7092B57CBDF00C4D0AA /* Home */ = {
			isa = PBXGroup;
			children = (
				DE3ADE662B68E94500C81271 /* SideBar */,
				DE3ADE632B67C60E00C81271 /* Initial */,
				DE3ADE622B67C5FD00C81271 /* Empty */,
				DE3ADE602B62739A00C81271 /* HomeTabBarController.swift */,
			);
			path = Home;
			sourceTree = "<group>";
		};
		DEAB5CE32B456AC000C9A71C /* App */ = {
			isa = PBXGroup;
			children = (
				DE9AC63D2B43AB7D004D50EF /* AppDelegate.swift */,
				DE9AC63F2B43AB7D004D50EF /* SceneDelegate.swift */,
			);
			path = App;
			sourceTree = "<group>";
		};
		DEAB5CE62B456EA500C9A71C /* CustomView */ = {
			isa = PBXGroup;
			children = (
				DEAB5CE92B4570E600C9A71C /* InteractionButton.swift */,
				DEAB5CF02B458A3C00C9A71C /* ImageWrapButton.swift */,
				DE91F0692B46980900F44E01 /* LabelTextField.swift */,
			);
			path = CustomView;
			sourceTree = "<group>";
		};
		DEAB5CEB2B45893100C9A71C /* Onboarding */ = {
			isa = PBXGroup;
			children = (
				DEAB5CE42B456E9C00C9A71C /* OnboardingViewController.swift */,
				DEAB5CEE2B4589BD00C9A71C /* AuthViewController.swift */,
			);
			path = Onboarding;
			sourceTree = "<group>";
		};
/* End PBXGroup section */

/* Begin PBXNativeTarget section */
		DE9AC6392B43AB7D004D50EF /* GrowingTalk */ = {
			isa = PBXNativeTarget;
			buildConfigurationList = DE9AC64E2B43AB7F004D50EF /* Build configuration list for PBXNativeTarget "GrowingTalk" */;
			buildPhases = (
				DE9AC6362B43AB7D004D50EF /* Sources */,
				DE9AC6372B43AB7D004D50EF /* Frameworks */,
				DE9AC6382B43AB7D004D50EF /* Resources */,
			);
			buildRules = (
			);
			dependencies = (
			);
			name = GrowingTalk;
			packageProductDependencies = (
				DE9AC6522B43AD90004D50EF /* RxCocoa */,
				DE9AC6542B43AD90004D50EF /* RxRelay */,
				DE9AC6562B43AD90004D50EF /* RxSwift */,
				DE9AC6592B43AD9F004D50EF /* Then */,
				DE9AC65C2B43ADAB004D50EF /* Kingfisher */,
				DE9AC65F2B43ADBF004D50EF /* SnapKit */,
				DE91F0702B4818D300F44E01 /* Toast */,
				DE91F07C2B4AE78B00F44E01 /* Moya */,
				DE91F07E2B4AE78B00F44E01 /* RxMoya */,
				DE91F08E2B4D1EAF00F44E01 /* IQKeyboardManagerSwift */,
				DE8DD9F22B87638700567F7A /* Realm */,
				DE8DD9F42B87638700567F7A /* RealmSwift */,
				DE8DDA102B8F988A00567F7A /* SocketIO */,
			);
			productName = GrowingTalk;
			productReference = DE9AC63A2B43AB7D004D50EF /* GrowingTalk.app */;
			productType = "com.apple.product-type.application";
		};
/* End PBXNativeTarget section */

/* Begin PBXProject section */
		DE9AC6322B43AB7D004D50EF /* Project object */ = {
			isa = PBXProject;
			attributes = {
				BuildIndependentTargetsInParallel = 1;
				LastSwiftUpdateCheck = 1510;
				LastUpgradeCheck = 1510;
				TargetAttributes = {
					DE9AC6392B43AB7D004D50EF = {
						CreatedOnToolsVersion = 15.1;
					};
				};
			};
			buildConfigurationList = DE9AC6352B43AB7D004D50EF /* Build configuration list for PBXProject "GrowingTalk" */;
			compatibilityVersion = "Xcode 14.0";
			developmentRegion = en;
			hasScannedForEncodings = 0;
			knownRegions = (
				en,
				Base,
			);
			mainGroup = DE9AC6312B43AB7D004D50EF;
			packageReferences = (
				DE9AC6512B43AD90004D50EF /* XCRemoteSwiftPackageReference "RxSwift" */,
				DE9AC6582B43AD9F004D50EF /* XCRemoteSwiftPackageReference "Then" */,
				DE9AC65B2B43ADAB004D50EF /* XCRemoteSwiftPackageReference "Kingfisher" */,
				DE9AC65E2B43ADBF004D50EF /* XCRemoteSwiftPackageReference "SnapKit" */,
				DE91F06F2B4818D300F44E01 /* XCRemoteSwiftPackageReference "Toast-Swift" */,
				DE91F07B2B4AE78B00F44E01 /* XCRemoteSwiftPackageReference "Moya" */,
				DE91F08D2B4D1EAF00F44E01 /* XCRemoteSwiftPackageReference "IQKeyboardManager" */,
				DE8DD9F12B87638700567F7A /* XCRemoteSwiftPackageReference "realm-swift" */,
				DE8DDA0F2B8F988A00567F7A /* XCRemoteSwiftPackageReference "socket.io-client-swift" */,
			);
			productRefGroup = DE9AC63B2B43AB7D004D50EF /* Products */;
			projectDirPath = "";
			projectRoot = "";
			targets = (
				DE9AC6392B43AB7D004D50EF /* GrowingTalk */,
			);
		};
/* End PBXProject section */

/* Begin PBXResourcesBuildPhase section */
		DE9AC6382B43AB7D004D50EF /* Resources */ = {
			isa = PBXResourcesBuildPhase;
			buildActionMask = 2147483647;
			files = (
				DE9AC64A2B43AB7F004D50EF /* LaunchScreen.storyboard in Resources */,
				DE9AC6732B45648F004D50EF /* SF-Pro.ttf in Resources */,
				DE9AC6472B43AB7F004D50EF /* Assets.xcassets in Resources */,
			);
			runOnlyForDeploymentPostprocessing = 0;
		};
/* End PBXResourcesBuildPhase section */

/* Begin PBXSourcesBuildPhase section */
		DE9AC6362B43AB7D004D50EF /* Sources */ = {
			isa = PBXSourcesBuildPhase;
			buildActionMask = 2147483647;
			files = (
				DE91F0732B4826C600F44E01 /* Extension+UIViewController.swift in Sources */,
				DE3ADE6E2B6D55A800C81271 /* EmptyWorkSpaceSideView.swift in Sources */,
				DE9AC66F2B454BBA004D50EF /* Extension+UIFont.swift in Sources */,
				DE8DDA062B8F6EE800567F7A /* SocketRouter.swift in Sources */,
				DE91F0932B4D4E0200F44E01 /* WorkSpaceInitialViewController.swift in Sources */,
				DEA2F70D2B57CC2F00C4D0AA /* HomeEmptyViewModel.swift in Sources */,
				DE8DD9D22B7CAC4200567F7A /* InviteMemberViewModel.swift in Sources */,
				DEAB5CEA2B4570E600C9A71C /* InteractionButton.swift in Sources */,
				DE3ADE722B71E9A100C81271 /* SideBarCell.swift in Sources */,
				DE91F06A2B46980900F44E01 /* LabelTextField.swift in Sources */,
				DE8DD9EC2B85CD8900567F7A /* ChattingCollectionViewCell.swift in Sources */,
				DEA2F70F2B58D93100C4D0AA /* Extension+Kingfisher.swift in Sources */,
				DE9A0F6A2B61611000AF24CF /* GetMyDMmodel.swift in Sources */,
				DEAB5CEF2B4589BD00C9A71C /* AuthViewController.swift in Sources */,
				DE62BDC62B53E3B50008F463 /* WorkSpaceAddViewModel.swift in Sources */,
				DEAB5CF12B458A3C00C9A71C /* ImageWrapButton.swift in Sources */,
				DE91F0962B4D69ED00F44E01 /* ToastMessageCase.swift in Sources */,
				DE8DD9EE2B860B0200567F7A /* ChattingViewModel.swift in Sources */,
				DE91F0822B4BBFB400F44E01 /* SignupModel.swift in Sources */,
				DE91F0A02B5010E400F44E01 /* WorkSpaceInitialViewModel.swift in Sources */,
				DE3ADE802B78EAB300C81271 /* ChangeAdminViewController.swift in Sources */,
				DEA2F70B2B57CC2700C4D0AA /* HomeEmptyViewController.swift in Sources */,
				DE91F08C2B4D154000F44E01 /* CheckEmailModel.swift in Sources */,
				DE3ADE682B6905FA00C81271 /* SideBarController.swift in Sources */,
				DE91F07A2B4AE75100F44E01 /* Router.swift in Sources */,
				DE3ADE7B2B76A53800C81271 /* EditWorkSpaceViewController.swift in Sources */,
				DE91F09A2B4E385600F44E01 /* UserDefaultsManager.swift in Sources */,
				DE9AC6692B4519DC004D50EF /* Extension+UIColor.swift in Sources */,
				DE8DD9E72B83481900567F7A /* ChattingViewController.swift in Sources */,
				DED6A3732B6105FE009A0D49 /* ChannelModel.swift in Sources */,
				DE8DD9E12B7FB9A200567F7A /* SearchChannelViewModel.swift in Sources */,
				DEA2F71D2B5E7D5600C4D0AA /* HomeInitialViewController.swift in Sources */,
				DE8DD9D92B7E3CFA00567F7A /* CreationChannelViewController.swift in Sources */,
				DE91F0862B4C122B00F44E01 /* NetworkError.swift in Sources */,
				DE8DD9EA2B85C4BC00567F7A /* ChannelChatModel.swift in Sources */,
				DE8DDA022B8F5D1200567F7A /* SocketManager.swift in Sources */,
				DEA2F7132B594C4400C4D0AA /* RefreshAccessTokenModel.swift in Sources */,
				DE91F0A32B501DB600F44E01 /* LoginViewController.swift in Sources */,
				DE91F0842B4C0BBC00F44E01 /* APIManger.swift in Sources */,
				DE62BDC22B52EF200008F463 /* WorkSpaceAddViewController.swift in Sources */,
				DE91F06E2B480C8000F44E01 /* SignupViewModel.swift in Sources */,
				DE62BDC82B5504A60008F463 /* WorkSpaceBodyModel.swift in Sources */,
				DE91F0982B4D6A1B00F44E01 /* SignupRequiredCase.swift in Sources */,
				DE8DD9F92B8766F800567F7A /* RealmChatModel.swift in Sources */,
				DE3ADE782B73D1D400C81271 /* CustomAlertViewController.swift in Sources */,
				DEAB5CE52B456E9C00C9A71C /* OnboardingViewController.swift in Sources */,
				DE91F0A52B510E6400F44E01 /* LoginViewModel.swift in Sources */,
				DE8DD9D02B7CA11C00567F7A /* InviteMemberViewController.swift in Sources */,
				DE91F0882B4C17D500F44E01 /* NetworkErrorModel.swift in Sources */,
				DE9AC63E2B43AB7D004D50EF /* AppDelegate.swift in Sources */,
				DE9AC6402B43AB7D004D50EF /* SceneDelegate.swift in Sources */,
				DE9AC6662B451900004D50EF /* BaseView.swift in Sources */,
				DE8DD9FB2B8A853C00567F7A /* RealmManager.swift in Sources */,
				DE3ADE652B67C7B400C81271 /* GetUserProfileModel.swift in Sources */,
				DE3ADE742B71F17300C81271 /* Extension+Date.swift in Sources */,
				DE3ADE702B71E57500C81271 /* SideBarViewModel.swift in Sources */,
				DE8DD9DD2B7E538900567F7A /* CreateChannelBodyModel.swift in Sources */,
				DE8DD9DF2B7FB99100567F7A /* SearchChannelViewController.swift in Sources */,
				DE3ADE872B78F56400C81271 /* MembersCollectionViewCell.swift in Sources */,
				DE8DD9D42B7CB74A00567F7A /* InviteWorkspaceMemberBodyModel.swift in Sources */,
				DE91F0A92B51543E00F44E01 /* LoginModel.swift in Sources */,
				DE3ADE7D2B76A5C300C81271 /* EditWorkSpaceViewModel.swift in Sources */,
				DEA2F71F2B5E7DC600C4D0AA /* HomeInitialViewModel.swift in Sources */,
				DE91F0682B46923B00F44E01 /* SignupViewController.swift in Sources */,
				DE9AC66B2B45337C004D50EF /* BaseViewController.swift in Sources */,
				DE8DDA002B8CD9F400567F7A /* ImageCollectionViewCell.swift in Sources */,
				DE91F0772B4AA33200F44E01 /* Extension+String.swift in Sources */,
				DE3ADE612B62739A00C81271 /* HomeTabBarController.swift in Sources */,
				DE3ADE6A2B6915C600C81271 /* Extension+KingfisherManger.swift in Sources */,
				DE91F0A72B511D4D00F44E01 /* LoginWrongTypeCase.swift in Sources */,
				DEA2F7192B5D66F700C4D0AA /* WorkSpaceModel.swift in Sources */,
				DE62BDC42B52FD450008F463 /* Extension+UIImage.swift in Sources */,
				DEAB5CE82B456FCB00C9A71C /* Extension+UIView.swift in Sources */,
				DEA2F71B2B5E58ED00C4D0AA /* DeviceError.swift in Sources */,
				DE8DD9DB2B7E472100567F7A /* CreationViewModel.swift in Sources */,
				DEA2F7112B593FD100C4D0AA /* BaseHomeViewController.swift in Sources */,
				DE91F09C2B4E38C300F44E01 /* UserDefaultsCase.swift in Sources */,
				DE91F0752B4A6AB300F44E01 /* SecretKeys.swift in Sources */,
				DE3ADE822B78ECDA00C81271 /* ChangeAdminViewModel.swift in Sources */,
				DE3ADE842B78F03400C81271 /* UserInfoModel.swift in Sources */,
				DEAB5CF52B45911000C9A71C /* ViewModelType.swift in Sources */,
			);
			runOnlyForDeploymentPostprocessing = 0;
		};
/* End PBXSourcesBuildPhase section */

/* Begin PBXVariantGroup section */
		DE9AC6482B43AB7F004D50EF /* LaunchScreen.storyboard */ = {
			isa = PBXVariantGroup;
			children = (
				DE9AC6492B43AB7F004D50EF /* Base */,
			);
			name = LaunchScreen.storyboard;
			sourceTree = "<group>";
		};
/* End PBXVariantGroup section */

/* Begin XCBuildConfiguration section */
		DE9AC64C2B43AB7F004D50EF /* Debug */ = {
			isa = XCBuildConfiguration;
			buildSettings = {
				ALWAYS_SEARCH_USER_PATHS = NO;
				ASSETCATALOG_COMPILER_GENERATE_SWIFT_ASSET_SYMBOL_EXTENSIONS = YES;
				CLANG_ANALYZER_NONNULL = YES;
				CLANG_ANALYZER_NUMBER_OBJECT_CONVERSION = YES_AGGRESSIVE;
				CLANG_CXX_LANGUAGE_STANDARD = "gnu++20";
				CLANG_ENABLE_MODULES = YES;
				CLANG_ENABLE_OBJC_ARC = YES;
				CLANG_ENABLE_OBJC_WEAK = YES;
				CLANG_WARN_BLOCK_CAPTURE_AUTORELEASING = YES;
				CLANG_WARN_BOOL_CONVERSION = YES;
				CLANG_WARN_COMMA = YES;
				CLANG_WARN_CONSTANT_CONVERSION = YES;
				CLANG_WARN_DEPRECATED_OBJC_IMPLEMENTATIONS = YES;
				CLANG_WARN_DIRECT_OBJC_ISA_USAGE = YES_ERROR;
				CLANG_WARN_DOCUMENTATION_COMMENTS = YES;
				CLANG_WARN_EMPTY_BODY = YES;
				CLANG_WARN_ENUM_CONVERSION = YES;
				CLANG_WARN_INFINITE_RECURSION = YES;
				CLANG_WARN_INT_CONVERSION = YES;
				CLANG_WARN_NON_LITERAL_NULL_CONVERSION = YES;
				CLANG_WARN_OBJC_IMPLICIT_RETAIN_SELF = YES;
				CLANG_WARN_OBJC_LITERAL_CONVERSION = YES;
				CLANG_WARN_OBJC_ROOT_CLASS = YES_ERROR;
				CLANG_WARN_QUOTED_INCLUDE_IN_FRAMEWORK_HEADER = YES;
				CLANG_WARN_RANGE_LOOP_ANALYSIS = YES;
				CLANG_WARN_STRICT_PROTOTYPES = YES;
				CLANG_WARN_SUSPICIOUS_MOVE = YES;
				CLANG_WARN_UNGUARDED_AVAILABILITY = YES_AGGRESSIVE;
				CLANG_WARN_UNREACHABLE_CODE = YES;
				CLANG_WARN__DUPLICATE_METHOD_MATCH = YES;
				COPY_PHASE_STRIP = NO;
				DEBUG_INFORMATION_FORMAT = dwarf;
				ENABLE_STRICT_OBJC_MSGSEND = YES;
				ENABLE_TESTABILITY = YES;
				ENABLE_USER_SCRIPT_SANDBOXING = YES;
				GCC_C_LANGUAGE_STANDARD = gnu17;
				GCC_DYNAMIC_NO_PIC = NO;
				GCC_NO_COMMON_BLOCKS = YES;
				GCC_OPTIMIZATION_LEVEL = 0;
				GCC_PREPROCESSOR_DEFINITIONS = (
					"DEBUG=1",
					"$(inherited)",
				);
				GCC_WARN_64_TO_32_BIT_CONVERSION = YES;
				GCC_WARN_ABOUT_RETURN_TYPE = YES_ERROR;
				GCC_WARN_UNDECLARED_SELECTOR = YES;
				GCC_WARN_UNINITIALIZED_AUTOS = YES_AGGRESSIVE;
				GCC_WARN_UNUSED_FUNCTION = YES;
				GCC_WARN_UNUSED_VARIABLE = YES;
				IPHONEOS_DEPLOYMENT_TARGET = 17.2;
				LOCALIZATION_PREFERS_STRING_CATALOGS = YES;
				MTL_ENABLE_DEBUG_INFO = INCLUDE_SOURCE;
				MTL_FAST_MATH = YES;
				ONLY_ACTIVE_ARCH = YES;
				SDKROOT = iphoneos;
				SWIFT_ACTIVE_COMPILATION_CONDITIONS = "DEBUG $(inherited)";
				SWIFT_OPTIMIZATION_LEVEL = "-Onone";
			};
			name = Debug;
		};
		DE9AC64D2B43AB7F004D50EF /* Release */ = {
			isa = XCBuildConfiguration;
			buildSettings = {
				ALWAYS_SEARCH_USER_PATHS = NO;
				ASSETCATALOG_COMPILER_GENERATE_SWIFT_ASSET_SYMBOL_EXTENSIONS = YES;
				CLANG_ANALYZER_NONNULL = YES;
				CLANG_ANALYZER_NUMBER_OBJECT_CONVERSION = YES_AGGRESSIVE;
				CLANG_CXX_LANGUAGE_STANDARD = "gnu++20";
				CLANG_ENABLE_MODULES = YES;
				CLANG_ENABLE_OBJC_ARC = YES;
				CLANG_ENABLE_OBJC_WEAK = YES;
				CLANG_WARN_BLOCK_CAPTURE_AUTORELEASING = YES;
				CLANG_WARN_BOOL_CONVERSION = YES;
				CLANG_WARN_COMMA = YES;
				CLANG_WARN_CONSTANT_CONVERSION = YES;
				CLANG_WARN_DEPRECATED_OBJC_IMPLEMENTATIONS = YES;
				CLANG_WARN_DIRECT_OBJC_ISA_USAGE = YES_ERROR;
				CLANG_WARN_DOCUMENTATION_COMMENTS = YES;
				CLANG_WARN_EMPTY_BODY = YES;
				CLANG_WARN_ENUM_CONVERSION = YES;
				CLANG_WARN_INFINITE_RECURSION = YES;
				CLANG_WARN_INT_CONVERSION = YES;
				CLANG_WARN_NON_LITERAL_NULL_CONVERSION = YES;
				CLANG_WARN_OBJC_IMPLICIT_RETAIN_SELF = YES;
				CLANG_WARN_OBJC_LITERAL_CONVERSION = YES;
				CLANG_WARN_OBJC_ROOT_CLASS = YES_ERROR;
				CLANG_WARN_QUOTED_INCLUDE_IN_FRAMEWORK_HEADER = YES;
				CLANG_WARN_RANGE_LOOP_ANALYSIS = YES;
				CLANG_WARN_STRICT_PROTOTYPES = YES;
				CLANG_WARN_SUSPICIOUS_MOVE = YES;
				CLANG_WARN_UNGUARDED_AVAILABILITY = YES_AGGRESSIVE;
				CLANG_WARN_UNREACHABLE_CODE = YES;
				CLANG_WARN__DUPLICATE_METHOD_MATCH = YES;
				COPY_PHASE_STRIP = NO;
				DEBUG_INFORMATION_FORMAT = "dwarf-with-dsym";
				ENABLE_NS_ASSERTIONS = NO;
				ENABLE_STRICT_OBJC_MSGSEND = YES;
				ENABLE_USER_SCRIPT_SANDBOXING = YES;
				GCC_C_LANGUAGE_STANDARD = gnu17;
				GCC_NO_COMMON_BLOCKS = YES;
				GCC_WARN_64_TO_32_BIT_CONVERSION = YES;
				GCC_WARN_ABOUT_RETURN_TYPE = YES_ERROR;
				GCC_WARN_UNDECLARED_SELECTOR = YES;
				GCC_WARN_UNINITIALIZED_AUTOS = YES_AGGRESSIVE;
				GCC_WARN_UNUSED_FUNCTION = YES;
				GCC_WARN_UNUSED_VARIABLE = YES;
				IPHONEOS_DEPLOYMENT_TARGET = 17.2;
				LOCALIZATION_PREFERS_STRING_CATALOGS = YES;
				MTL_ENABLE_DEBUG_INFO = NO;
				MTL_FAST_MATH = YES;
				SDKROOT = iphoneos;
				SWIFT_COMPILATION_MODE = wholemodule;
				VALIDATE_PRODUCT = YES;
			};
			name = Release;
		};
		DE9AC64F2B43AB7F004D50EF /* Debug */ = {
			isa = XCBuildConfiguration;
			buildSettings = {
				ASSETCATALOG_COMPILER_APPICON_NAME = AppIcon;
				ASSETCATALOG_COMPILER_GLOBAL_ACCENT_COLOR_NAME = AccentColor;
				CODE_SIGN_STYLE = Automatic;
				CURRENT_PROJECT_VERSION = 1;
				DEVELOPMENT_TEAM = AYG8MBJF93;
				GENERATE_INFOPLIST_FILE = YES;
				INFOPLIST_FILE = GrowingTalk/Info.plist;
				INFOPLIST_KEY_UIApplicationSupportsIndirectInputEvents = YES;
				INFOPLIST_KEY_UILaunchStoryboardName = LaunchScreen;
				INFOPLIST_KEY_UISupportedInterfaceOrientations = UIInterfaceOrientationPortrait;
				INFOPLIST_KEY_UISupportedInterfaceOrientations_iPad = "UIInterfaceOrientationLandscapeLeft UIInterfaceOrientationLandscapeRight UIInterfaceOrientationPortrait UIInterfaceOrientationPortraitUpsideDown";
				IPHONEOS_DEPLOYMENT_TARGET = 17.0;
				LD_RUNPATH_SEARCH_PATHS = (
					"$(inherited)",
					"@executable_path/Frameworks",
				);
				MARKETING_VERSION = 1.0;
				PRODUCT_BUNDLE_IDENTIFIER = "ILWAT-com.github.GrowingTalk";
				PRODUCT_NAME = "$(TARGET_NAME)";
				SUPPORTED_PLATFORMS = "iphoneos iphonesimulator";
				SUPPORTS_MACCATALYST = NO;
				SUPPORTS_XR_DESIGNED_FOR_IPHONE_IPAD = NO;
				SWIFT_EMIT_LOC_STRINGS = YES;
				SWIFT_VERSION = 5.0;
				TARGETED_DEVICE_FAMILY = 1;
			};
			name = Debug;
		};
		DE9AC6502B43AB7F004D50EF /* Release */ = {
			isa = XCBuildConfiguration;
			buildSettings = {
				ASSETCATALOG_COMPILER_APPICON_NAME = AppIcon;
				ASSETCATALOG_COMPILER_GLOBAL_ACCENT_COLOR_NAME = AccentColor;
				CODE_SIGN_STYLE = Automatic;
				CURRENT_PROJECT_VERSION = 1;
				DEVELOPMENT_TEAM = AYG8MBJF93;
				GENERATE_INFOPLIST_FILE = YES;
				INFOPLIST_FILE = GrowingTalk/Info.plist;
				INFOPLIST_KEY_UIApplicationSupportsIndirectInputEvents = YES;
				INFOPLIST_KEY_UILaunchStoryboardName = LaunchScreen;
				INFOPLIST_KEY_UISupportedInterfaceOrientations = UIInterfaceOrientationPortrait;
				INFOPLIST_KEY_UISupportedInterfaceOrientations_iPad = "UIInterfaceOrientationLandscapeLeft UIInterfaceOrientationLandscapeRight UIInterfaceOrientationPortrait UIInterfaceOrientationPortraitUpsideDown";
				IPHONEOS_DEPLOYMENT_TARGET = 17.0;
				LD_RUNPATH_SEARCH_PATHS = (
					"$(inherited)",
					"@executable_path/Frameworks",
				);
				MARKETING_VERSION = 1.0;
				PRODUCT_BUNDLE_IDENTIFIER = "ILWAT-com.github.GrowingTalk";
				PRODUCT_NAME = "$(TARGET_NAME)";
				SUPPORTED_PLATFORMS = "iphoneos iphonesimulator";
				SUPPORTS_MACCATALYST = NO;
				SUPPORTS_XR_DESIGNED_FOR_IPHONE_IPAD = NO;
				SWIFT_EMIT_LOC_STRINGS = YES;
				SWIFT_VERSION = 5.0;
				TARGETED_DEVICE_FAMILY = 1;
			};
			name = Release;
		};
/* End XCBuildConfiguration section */

/* Begin XCConfigurationList section */
		DE9AC6352B43AB7D004D50EF /* Build configuration list for PBXProject "GrowingTalk" */ = {
			isa = XCConfigurationList;
			buildConfigurations = (
				DE9AC64C2B43AB7F004D50EF /* Debug */,
				DE9AC64D2B43AB7F004D50EF /* Release */,
			);
			defaultConfigurationIsVisible = 0;
			defaultConfigurationName = Release;
		};
		DE9AC64E2B43AB7F004D50EF /* Build configuration list for PBXNativeTarget "GrowingTalk" */ = {
			isa = XCConfigurationList;
			buildConfigurations = (
				DE9AC64F2B43AB7F004D50EF /* Debug */,
				DE9AC6502B43AB7F004D50EF /* Release */,
			);
			defaultConfigurationIsVisible = 0;
			defaultConfigurationName = Release;
		};
/* End XCConfigurationList section */

/* Begin XCRemoteSwiftPackageReference section */
		DE8DD9F12B87638700567F7A /* XCRemoteSwiftPackageReference "realm-swift" */ = {
			isa = XCRemoteSwiftPackageReference;
			repositoryURL = "https://github.com/realm/realm-swift.git";
			requirement = {
				kind = upToNextMajorVersion;
				minimumVersion = 10.47.0;
			};
		};
		DE8DDA0F2B8F988A00567F7A /* XCRemoteSwiftPackageReference "socket.io-client-swift" */ = {
			isa = XCRemoteSwiftPackageReference;
			repositoryURL = "https://github.com/socketio/socket.io-client-swift.git";
			requirement = {
				branch = master;
				kind = branch;
			};
		};
		DE91F06F2B4818D300F44E01 /* XCRemoteSwiftPackageReference "Toast-Swift" */ = {
			isa = XCRemoteSwiftPackageReference;
			repositoryURL = "https://github.com/scalessec/Toast-Swift";
			requirement = {
				kind = upToNextMinorVersion;
				minimumVersion = 5.0.1;
			};
		};
		DE91F07B2B4AE78B00F44E01 /* XCRemoteSwiftPackageReference "Moya" */ = {
			isa = XCRemoteSwiftPackageReference;
			repositoryURL = "https://github.com/Moya/Moya";
			requirement = {
				kind = upToNextMinorVersion;
				minimumVersion = 15.0.3;
			};
		};
		DE91F08D2B4D1EAF00F44E01 /* XCRemoteSwiftPackageReference "IQKeyboardManager" */ = {
			isa = XCRemoteSwiftPackageReference;
			repositoryURL = "https://github.com/hackiftekhar/IQKeyboardManager.git";
			requirement = {
				kind = exactVersion;
				version = 7.0.0;
			};
		};
		DE9AC6512B43AD90004D50EF /* XCRemoteSwiftPackageReference "RxSwift" */ = {
			isa = XCRemoteSwiftPackageReference;
			repositoryURL = "https://github.com/ReactiveX/RxSwift";
			requirement = {
				kind = upToNextMinorVersion;
				minimumVersion = 6.6.0;
			};
		};
		DE9AC6582B43AD9F004D50EF /* XCRemoteSwiftPackageReference "Then" */ = {
			isa = XCRemoteSwiftPackageReference;
			repositoryURL = "https://github.com/devxoul/Then";
			requirement = {
				kind = upToNextMinorVersion;
				minimumVersion = 3.0.0;
			};
		};
		DE9AC65B2B43ADAB004D50EF /* XCRemoteSwiftPackageReference "Kingfisher" */ = {
			isa = XCRemoteSwiftPackageReference;
			repositoryURL = "https://github.com/onevcat/Kingfisher";
			requirement = {
				kind = upToNextMinorVersion;
				minimumVersion = 7.10.1;
			};
		};
		DE9AC65E2B43ADBF004D50EF /* XCRemoteSwiftPackageReference "SnapKit" */ = {
			isa = XCRemoteSwiftPackageReference;
			repositoryURL = "https://github.com/SnapKit/SnapKit.git";
			requirement = {
				kind = upToNextMinorVersion;
				minimumVersion = 5.7.0;
			};
		};
/* End XCRemoteSwiftPackageReference section */

/* Begin XCSwiftPackageProductDependency section */
		DE8DD9F22B87638700567F7A /* Realm */ = {
			isa = XCSwiftPackageProductDependency;
			package = DE8DD9F12B87638700567F7A /* XCRemoteSwiftPackageReference "realm-swift" */;
			productName = Realm;
		};
		DE8DD9F42B87638700567F7A /* RealmSwift */ = {
			isa = XCSwiftPackageProductDependency;
			package = DE8DD9F12B87638700567F7A /* XCRemoteSwiftPackageReference "realm-swift" */;
			productName = RealmSwift;
		};
		DE8DDA102B8F988A00567F7A /* SocketIO */ = {
			isa = XCSwiftPackageProductDependency;
			package = DE8DDA0F2B8F988A00567F7A /* XCRemoteSwiftPackageReference "socket.io-client-swift" */;
			productName = SocketIO;
		};
		DE91F0702B4818D300F44E01 /* Toast */ = {
			isa = XCSwiftPackageProductDependency;
			package = DE91F06F2B4818D300F44E01 /* XCRemoteSwiftPackageReference "Toast-Swift" */;
			productName = Toast;
		};
		DE91F07C2B4AE78B00F44E01 /* Moya */ = {
			isa = XCSwiftPackageProductDependency;
			package = DE91F07B2B4AE78B00F44E01 /* XCRemoteSwiftPackageReference "Moya" */;
			productName = Moya;
		};
		DE91F07E2B4AE78B00F44E01 /* RxMoya */ = {
			isa = XCSwiftPackageProductDependency;
			package = DE91F07B2B4AE78B00F44E01 /* XCRemoteSwiftPackageReference "Moya" */;
			productName = RxMoya;
		};
		DE91F08E2B4D1EAF00F44E01 /* IQKeyboardManagerSwift */ = {
			isa = XCSwiftPackageProductDependency;
			package = DE91F08D2B4D1EAF00F44E01 /* XCRemoteSwiftPackageReference "IQKeyboardManager" */;
			productName = IQKeyboardManagerSwift;
		};
		DE9AC6522B43AD90004D50EF /* RxCocoa */ = {
			isa = XCSwiftPackageProductDependency;
			package = DE9AC6512B43AD90004D50EF /* XCRemoteSwiftPackageReference "RxSwift" */;
			productName = RxCocoa;
		};
		DE9AC6542B43AD90004D50EF /* RxRelay */ = {
			isa = XCSwiftPackageProductDependency;
			package = DE9AC6512B43AD90004D50EF /* XCRemoteSwiftPackageReference "RxSwift" */;
			productName = RxRelay;
		};
		DE9AC6562B43AD90004D50EF /* RxSwift */ = {
			isa = XCSwiftPackageProductDependency;
			package = DE9AC6512B43AD90004D50EF /* XCRemoteSwiftPackageReference "RxSwift" */;
			productName = RxSwift;
		};
		DE9AC6592B43AD9F004D50EF /* Then */ = {
			isa = XCSwiftPackageProductDependency;
			package = DE9AC6582B43AD9F004D50EF /* XCRemoteSwiftPackageReference "Then" */;
			productName = Then;
		};
		DE9AC65C2B43ADAB004D50EF /* Kingfisher */ = {
			isa = XCSwiftPackageProductDependency;
			package = DE9AC65B2B43ADAB004D50EF /* XCRemoteSwiftPackageReference "Kingfisher" */;
			productName = Kingfisher;
		};
		DE9AC65F2B43ADBF004D50EF /* SnapKit */ = {
			isa = XCSwiftPackageProductDependency;
			package = DE9AC65E2B43ADBF004D50EF /* XCRemoteSwiftPackageReference "SnapKit" */;
			productName = SnapKit;
		};
/* End XCSwiftPackageProductDependency section */
	};
	rootObject = DE9AC6322B43AB7D004D50EF /* Project object */;
}
