// !$*UTF8*$!
{
	archiveVersion = 1;
	classes = {
	};
	objectVersion = 56;
	objects = {

/* Begin PBXBuildFile section */
		DE62BDC22B52EF200008F463 /* WorkSpaceAddViewController.swift in Sources */ = {isa = PBXBuildFile; fileRef = DE62BDC12B52EF200008F463 /* WorkSpaceAddViewController.swift */; };
		DE62BDC42B52FD450008F463 /* Extension+UIImage.swift in Sources */ = {isa = PBXBuildFile; fileRef = DE62BDC32B52FD450008F463 /* Extension+UIImage.swift */; };
		DE62BDC62B53E3B50008F463 /* WorkSpaceAddViewModel.swift in Sources */ = {isa = PBXBuildFile; fileRef = DE62BDC52B53E3B50008F463 /* WorkSpaceAddViewModel.swift */; };
		DE62BDC82B5504A60008F463 /* AddWorkSpaceBodyModel.swift in Sources */ = {isa = PBXBuildFile; fileRef = DE62BDC72B5504A60008F463 /* AddWorkSpaceBodyModel.swift */; };
		DE91F0682B46923B00F44E01 /* SignupViewController.swift in Sources */ = {isa = PBXBuildFile; fileRef = DE91F0672B46923B00F44E01 /* SignupViewController.swift */; };
		DE91F06A2B46980900F44E01 /* LabelTextField.swift in Sources */ = {isa = PBXBuildFile; fileRef = DE91F0692B46980900F44E01 /* LabelTextField.swift */; };
		DE91F06E2B480C8000F44E01 /* SignupViewModel.swift in Sources */ = {isa = PBXBuildFile; fileRef = DE91F06D2B480C8000F44E01 /* SignupViewModel.swift */; };
		DE91F0712B4818D300F44E01 /* Toast in Frameworks */ = {isa = PBXBuildFile; productRef = DE91F0702B4818D300F44E01 /* Toast */; };
		DE91F0732B4826C600F44E01 /* Extension+UIViewController.swift in Sources */ = {isa = PBXBuildFile; fileRef = DE91F0722B4826C600F44E01 /* Extension+UIViewController.swift */; };
		DE91F0752B4A6AB300F44E01 /* SecretKeys.swift in Sources */ = {isa = PBXBuildFile; fileRef = DE91F0742B4A6AB300F44E01 /* SecretKeys.swift */; };
		DE91F0772B4AA33200F44E01 /* Extension+String.swift in Sources */ = {isa = PBXBuildFile; fileRef = DE91F0762B4AA33200F44E01 /* Extension+String.swift */; };
		DE91F07A2B4AE75100F44E01 /* Router.swift in Sources */ = {isa = PBXBuildFile; fileRef = DE91F0792B4AE75100F44E01 /* Router.swift */; };
		DE91F07D2B4AE78B00F44E01 /* Moya in Frameworks */ = {isa = PBXBuildFile; productRef = DE91F07C2B4AE78B00F44E01 /* Moya */; };
		DE91F07F2B4AE78B00F44E01 /* RxMoya in Frameworks */ = {isa = PBXBuildFile; productRef = DE91F07E2B4AE78B00F44E01 /* RxMoya */; };
		DE91F0822B4BBFB400F44E01 /* SignupModel.swift in Sources */ = {isa = PBXBuildFile; fileRef = DE91F0812B4BBFB400F44E01 /* SignupModel.swift */; };
		DE91F0842B4C0BBC00F44E01 /* APIManger.swift in Sources */ = {isa = PBXBuildFile; fileRef = DE91F0832B4C0BBC00F44E01 /* APIManger.swift */; };
		DE91F0862B4C122B00F44E01 /* NetworkError.swift in Sources */ = {isa = PBXBuildFile; fileRef = DE91F0852B4C122B00F44E01 /* NetworkError.swift */; };
		DE91F0882B4C17D500F44E01 /* NetworkErrorModel.swift in Sources */ = {isa = PBXBuildFile; fileRef = DE91F0872B4C17D500F44E01 /* NetworkErrorModel.swift */; };
		DE91F08C2B4D154000F44E01 /* CheckEmailModel.swift in Sources */ = {isa = PBXBuildFile; fileRef = DE91F08B2B4D154000F44E01 /* CheckEmailModel.swift */; };
		DE91F08F2B4D1EAF00F44E01 /* IQKeyboardManagerSwift in Frameworks */ = {isa = PBXBuildFile; productRef = DE91F08E2B4D1EAF00F44E01 /* IQKeyboardManagerSwift */; };
		DE91F0932B4D4E0200F44E01 /* WorkSpaceInitialViewController.swift in Sources */ = {isa = PBXBuildFile; fileRef = DE91F0922B4D4E0200F44E01 /* WorkSpaceInitialViewController.swift */; };
		DE91F0962B4D69ED00F44E01 /* ToastMessageCase.swift in Sources */ = {isa = PBXBuildFile; fileRef = DE91F0952B4D69ED00F44E01 /* ToastMessageCase.swift */; };
		DE91F0982B4D6A1B00F44E01 /* SignupRequiredCase.swift in Sources */ = {isa = PBXBuildFile; fileRef = DE91F0972B4D6A1B00F44E01 /* SignupRequiredCase.swift */; };
		DE91F09A2B4E385600F44E01 /* TokenManger.swift in Sources */ = {isa = PBXBuildFile; fileRef = DE91F0992B4E385600F44E01 /* TokenManger.swift */; };
		DE91F09C2B4E38C300F44E01 /* UserDefaultsCase.swift in Sources */ = {isa = PBXBuildFile; fileRef = DE91F09B2B4E38C300F44E01 /* UserDefaultsCase.swift */; };
		DE91F0A02B5010E400F44E01 /* WorkSpaceInitialViewModel.swift in Sources */ = {isa = PBXBuildFile; fileRef = DE91F09F2B5010E400F44E01 /* WorkSpaceInitialViewModel.swift */; };
		DE91F0A32B501DB600F44E01 /* LoginViewController.swift in Sources */ = {isa = PBXBuildFile; fileRef = DE91F0A22B501DB600F44E01 /* LoginViewController.swift */; };
		DE91F0A52B510E6400F44E01 /* LoginViewModel.swift in Sources */ = {isa = PBXBuildFile; fileRef = DE91F0A42B510E6400F44E01 /* LoginViewModel.swift */; };
		DE91F0A72B511D4D00F44E01 /* LoginWrongTypeCase.swift in Sources */ = {isa = PBXBuildFile; fileRef = DE91F0A62B511D4D00F44E01 /* LoginWrongTypeCase.swift */; };
		DE91F0A92B51543E00F44E01 /* LoginModel.swift in Sources */ = {isa = PBXBuildFile; fileRef = DE91F0A82B51543E00F44E01 /* LoginModel.swift */; };
		DE9AC63E2B43AB7D004D50EF /* AppDelegate.swift in Sources */ = {isa = PBXBuildFile; fileRef = DE9AC63D2B43AB7D004D50EF /* AppDelegate.swift */; };
		DE9AC6402B43AB7D004D50EF /* SceneDelegate.swift in Sources */ = {isa = PBXBuildFile; fileRef = DE9AC63F2B43AB7D004D50EF /* SceneDelegate.swift */; };
		DE9AC6472B43AB7F004D50EF /* Assets.xcassets in Resources */ = {isa = PBXBuildFile; fileRef = DE9AC6462B43AB7F004D50EF /* Assets.xcassets */; };
		DE9AC64A2B43AB7F004D50EF /* LaunchScreen.storyboard in Resources */ = {isa = PBXBuildFile; fileRef = DE9AC6482B43AB7F004D50EF /* LaunchScreen.storyboard */; };
		DE9AC6532B43AD90004D50EF /* RxCocoa in Frameworks */ = {isa = PBXBuildFile; productRef = DE9AC6522B43AD90004D50EF /* RxCocoa */; };
		DE9AC6552B43AD90004D50EF /* RxRelay in Frameworks */ = {isa = PBXBuildFile; productRef = DE9AC6542B43AD90004D50EF /* RxRelay */; };
		DE9AC6572B43AD90004D50EF /* RxSwift in Frameworks */ = {isa = PBXBuildFile; productRef = DE9AC6562B43AD90004D50EF /* RxSwift */; };
		DE9AC65A2B43AD9F004D50EF /* Then in Frameworks */ = {isa = PBXBuildFile; productRef = DE9AC6592B43AD9F004D50EF /* Then */; };
		DE9AC65D2B43ADAB004D50EF /* Kingfisher in Frameworks */ = {isa = PBXBuildFile; productRef = DE9AC65C2B43ADAB004D50EF /* Kingfisher */; };
		DE9AC6602B43ADBF004D50EF /* SnapKit in Frameworks */ = {isa = PBXBuildFile; productRef = DE9AC65F2B43ADBF004D50EF /* SnapKit */; };
		DE9AC6662B451900004D50EF /* BaseView.swift in Sources */ = {isa = PBXBuildFile; fileRef = DE9AC6652B451900004D50EF /* BaseView.swift */; };
		DE9AC6692B4519DC004D50EF /* Extension+UIColor.swift in Sources */ = {isa = PBXBuildFile; fileRef = DE9AC6682B4519DC004D50EF /* Extension+UIColor.swift */; };
		DE9AC66B2B45337C004D50EF /* BaseViewController.swift in Sources */ = {isa = PBXBuildFile; fileRef = DE9AC66A2B45337C004D50EF /* BaseViewController.swift */; };
		DE9AC66F2B454BBA004D50EF /* Extension+UIFont.swift in Sources */ = {isa = PBXBuildFile; fileRef = DE9AC66E2B454BBA004D50EF /* Extension+UIFont.swift */; };
		DE9AC6732B45648F004D50EF /* SF-Pro.ttf in Resources */ = {isa = PBXBuildFile; fileRef = DE9AC6722B45648F004D50EF /* SF-Pro.ttf */; };
		DEAB5CE52B456E9C00C9A71C /* OnboardingViewController.swift in Sources */ = {isa = PBXBuildFile; fileRef = DEAB5CE42B456E9C00C9A71C /* OnboardingViewController.swift */; };
		DEAB5CE82B456FCB00C9A71C /* Extension+UIView.swift in Sources */ = {isa = PBXBuildFile; fileRef = DEAB5CE72B456FCB00C9A71C /* Extension+UIView.swift */; };
		DEAB5CEA2B4570E600C9A71C /* InteractionButton.swift in Sources */ = {isa = PBXBuildFile; fileRef = DEAB5CE92B4570E600C9A71C /* InteractionButton.swift */; };
		DEAB5CEF2B4589BD00C9A71C /* AuthViewController.swift in Sources */ = {isa = PBXBuildFile; fileRef = DEAB5CEE2B4589BD00C9A71C /* AuthViewController.swift */; };
		DEAB5CF12B458A3C00C9A71C /* ImageWrapButton.swift in Sources */ = {isa = PBXBuildFile; fileRef = DEAB5CF02B458A3C00C9A71C /* ImageWrapButton.swift */; };
		DEAB5CF52B45911000C9A71C /* ViewModelType.swift in Sources */ = {isa = PBXBuildFile; fileRef = DEAB5CF42B45911000C9A71C /* ViewModelType.swift */; };
/* End PBXBuildFile section */

/* Begin PBXFileReference section */
		DE62BDC12B52EF200008F463 /* WorkSpaceAddViewController.swift */ = {isa = PBXFileReference; lastKnownFileType = sourcecode.swift; path = WorkSpaceAddViewController.swift; sourceTree = "<group>"; };
		DE62BDC32B52FD450008F463 /* Extension+UIImage.swift */ = {isa = PBXFileReference; lastKnownFileType = sourcecode.swift; path = "Extension+UIImage.swift"; sourceTree = "<group>"; };
		DE62BDC52B53E3B50008F463 /* WorkSpaceAddViewModel.swift */ = {isa = PBXFileReference; lastKnownFileType = sourcecode.swift; path = WorkSpaceAddViewModel.swift; sourceTree = "<group>"; };
		DE62BDC72B5504A60008F463 /* AddWorkSpaceBodyModel.swift */ = {isa = PBXFileReference; lastKnownFileType = sourcecode.swift; path = AddWorkSpaceBodyModel.swift; sourceTree = "<group>"; };
		DE91F0672B46923B00F44E01 /* SignupViewController.swift */ = {isa = PBXFileReference; lastKnownFileType = sourcecode.swift; path = SignupViewController.swift; sourceTree = "<group>"; };
		DE91F0692B46980900F44E01 /* LabelTextField.swift */ = {isa = PBXFileReference; lastKnownFileType = sourcecode.swift; path = LabelTextField.swift; sourceTree = "<group>"; };
		DE91F06D2B480C8000F44E01 /* SignupViewModel.swift */ = {isa = PBXFileReference; lastKnownFileType = sourcecode.swift; path = SignupViewModel.swift; sourceTree = "<group>"; };
		DE91F0722B4826C600F44E01 /* Extension+UIViewController.swift */ = {isa = PBXFileReference; lastKnownFileType = sourcecode.swift; path = "Extension+UIViewController.swift"; sourceTree = "<group>"; };
		DE91F0742B4A6AB300F44E01 /* SecretKeys.swift */ = {isa = PBXFileReference; lastKnownFileType = sourcecode.swift; path = SecretKeys.swift; sourceTree = "<group>"; };
		DE91F0762B4AA33200F44E01 /* Extension+String.swift */ = {isa = PBXFileReference; lastKnownFileType = sourcecode.swift; path = "Extension+String.swift"; sourceTree = "<group>"; };
		DE91F0792B4AE75100F44E01 /* Router.swift */ = {isa = PBXFileReference; lastKnownFileType = sourcecode.swift; path = Router.swift; sourceTree = "<group>"; };
		DE91F0812B4BBFB400F44E01 /* SignupModel.swift */ = {isa = PBXFileReference; lastKnownFileType = sourcecode.swift; path = SignupModel.swift; sourceTree = "<group>"; };
		DE91F0832B4C0BBC00F44E01 /* APIManger.swift */ = {isa = PBXFileReference; lastKnownFileType = sourcecode.swift; path = APIManger.swift; sourceTree = "<group>"; };
		DE91F0852B4C122B00F44E01 /* NetworkError.swift */ = {isa = PBXFileReference; lastKnownFileType = sourcecode.swift; path = NetworkError.swift; sourceTree = "<group>"; };
		DE91F0872B4C17D500F44E01 /* NetworkErrorModel.swift */ = {isa = PBXFileReference; lastKnownFileType = sourcecode.swift; path = NetworkErrorModel.swift; sourceTree = "<group>"; };
		DE91F08B2B4D154000F44E01 /* CheckEmailModel.swift */ = {isa = PBXFileReference; lastKnownFileType = sourcecode.swift; path = CheckEmailModel.swift; sourceTree = "<group>"; };
		DE91F0922B4D4E0200F44E01 /* WorkSpaceInitialViewController.swift */ = {isa = PBXFileReference; lastKnownFileType = sourcecode.swift; path = WorkSpaceInitialViewController.swift; sourceTree = "<group>"; };
		DE91F0952B4D69ED00F44E01 /* ToastMessageCase.swift */ = {isa = PBXFileReference; lastKnownFileType = sourcecode.swift; path = ToastMessageCase.swift; sourceTree = "<group>"; };
		DE91F0972B4D6A1B00F44E01 /* SignupRequiredCase.swift */ = {isa = PBXFileReference; lastKnownFileType = sourcecode.swift; path = SignupRequiredCase.swift; sourceTree = "<group>"; };
		DE91F0992B4E385600F44E01 /* TokenManger.swift */ = {isa = PBXFileReference; lastKnownFileType = sourcecode.swift; path = TokenManger.swift; sourceTree = "<group>"; };
		DE91F09B2B4E38C300F44E01 /* UserDefaultsCase.swift */ = {isa = PBXFileReference; lastKnownFileType = sourcecode.swift; path = UserDefaultsCase.swift; sourceTree = "<group>"; };
		DE91F09F2B5010E400F44E01 /* WorkSpaceInitialViewModel.swift */ = {isa = PBXFileReference; lastKnownFileType = sourcecode.swift; path = WorkSpaceInitialViewModel.swift; sourceTree = "<group>"; };
		DE91F0A22B501DB600F44E01 /* LoginViewController.swift */ = {isa = PBXFileReference; lastKnownFileType = sourcecode.swift; path = LoginViewController.swift; sourceTree = "<group>"; };
		DE91F0A42B510E6400F44E01 /* LoginViewModel.swift */ = {isa = PBXFileReference; lastKnownFileType = sourcecode.swift; path = LoginViewModel.swift; sourceTree = "<group>"; };
		DE91F0A62B511D4D00F44E01 /* LoginWrongTypeCase.swift */ = {isa = PBXFileReference; lastKnownFileType = sourcecode.swift; path = LoginWrongTypeCase.swift; sourceTree = "<group>"; };
		DE91F0A82B51543E00F44E01 /* LoginModel.swift */ = {isa = PBXFileReference; lastKnownFileType = sourcecode.swift; path = LoginModel.swift; sourceTree = "<group>"; };
		DE9AC63A2B43AB7D004D50EF /* GrowingTalk.app */ = {isa = PBXFileReference; explicitFileType = wrapper.application; includeInIndex = 0; path = GrowingTalk.app; sourceTree = BUILT_PRODUCTS_DIR; };
		DE9AC63D2B43AB7D004D50EF /* AppDelegate.swift */ = {isa = PBXFileReference; lastKnownFileType = sourcecode.swift; path = AppDelegate.swift; sourceTree = "<group>"; };
		DE9AC63F2B43AB7D004D50EF /* SceneDelegate.swift */ = {isa = PBXFileReference; lastKnownFileType = sourcecode.swift; path = SceneDelegate.swift; sourceTree = "<group>"; };
		DE9AC6462B43AB7F004D50EF /* Assets.xcassets */ = {isa = PBXFileReference; lastKnownFileType = folder.assetcatalog; path = Assets.xcassets; sourceTree = "<group>"; };
		DE9AC6492B43AB7F004D50EF /* Base */ = {isa = PBXFileReference; lastKnownFileType = file.storyboard; name = Base; path = Base.lproj/LaunchScreen.storyboard; sourceTree = "<group>"; };
		DE9AC64B2B43AB7F004D50EF /* Info.plist */ = {isa = PBXFileReference; lastKnownFileType = text.plist.xml; path = Info.plist; sourceTree = "<group>"; };
		DE9AC6652B451900004D50EF /* BaseView.swift */ = {isa = PBXFileReference; lastKnownFileType = sourcecode.swift; path = BaseView.swift; sourceTree = "<group>"; };
		DE9AC6682B4519DC004D50EF /* Extension+UIColor.swift */ = {isa = PBXFileReference; lastKnownFileType = sourcecode.swift; path = "Extension+UIColor.swift"; sourceTree = "<group>"; };
		DE9AC66A2B45337C004D50EF /* BaseViewController.swift */ = {isa = PBXFileReference; lastKnownFileType = sourcecode.swift; path = BaseViewController.swift; sourceTree = "<group>"; };
		DE9AC66E2B454BBA004D50EF /* Extension+UIFont.swift */ = {isa = PBXFileReference; lastKnownFileType = sourcecode.swift; path = "Extension+UIFont.swift"; sourceTree = "<group>"; };
		DE9AC6722B45648F004D50EF /* SF-Pro.ttf */ = {isa = PBXFileReference; lastKnownFileType = file; path = "SF-Pro.ttf"; sourceTree = "<group>"; };
		DEAB5CE42B456E9C00C9A71C /* OnboardingViewController.swift */ = {isa = PBXFileReference; lastKnownFileType = sourcecode.swift; path = OnboardingViewController.swift; sourceTree = "<group>"; };
		DEAB5CE72B456FCB00C9A71C /* Extension+UIView.swift */ = {isa = PBXFileReference; lastKnownFileType = sourcecode.swift; path = "Extension+UIView.swift"; sourceTree = "<group>"; };
		DEAB5CE92B4570E600C9A71C /* InteractionButton.swift */ = {isa = PBXFileReference; lastKnownFileType = sourcecode.swift; path = InteractionButton.swift; sourceTree = "<group>"; };
		DEAB5CEE2B4589BD00C9A71C /* AuthViewController.swift */ = {isa = PBXFileReference; lastKnownFileType = sourcecode.swift; path = AuthViewController.swift; sourceTree = "<group>"; };
		DEAB5CF02B458A3C00C9A71C /* ImageWrapButton.swift */ = {isa = PBXFileReference; lastKnownFileType = sourcecode.swift; path = ImageWrapButton.swift; sourceTree = "<group>"; };
		DEAB5CF42B45911000C9A71C /* ViewModelType.swift */ = {isa = PBXFileReference; lastKnownFileType = sourcecode.swift; path = ViewModelType.swift; sourceTree = "<group>"; };
/* End PBXFileReference section */

/* Begin PBXFrameworksBuildPhase section */
		DE9AC6372B43AB7D004D50EF /* Frameworks */ = {
			isa = PBXFrameworksBuildPhase;
			buildActionMask = 2147483647;
			files = (
				DE9AC6572B43AD90004D50EF /* RxSwift in Frameworks */,
				DE9AC6552B43AD90004D50EF /* RxRelay in Frameworks */,
				DE91F07D2B4AE78B00F44E01 /* Moya in Frameworks */,
				DE9AC6532B43AD90004D50EF /* RxCocoa in Frameworks */,
				DE9AC6602B43ADBF004D50EF /* SnapKit in Frameworks */,
				DE91F08F2B4D1EAF00F44E01 /* IQKeyboardManagerSwift in Frameworks */,
				DE9AC65A2B43AD9F004D50EF /* Then in Frameworks */,
				DE91F07F2B4AE78B00F44E01 /* RxMoya in Frameworks */,
				DE91F0712B4818D300F44E01 /* Toast in Frameworks */,
				DE9AC65D2B43ADAB004D50EF /* Kingfisher in Frameworks */,
			);
			runOnlyForDeploymentPostprocessing = 0;
		};
/* End PBXFrameworksBuildPhase section */

/* Begin PBXGroup section */
		DE62BDC02B52EF120008F463 /* Add */ = {
			isa = PBXGroup;
			children = (
				DE62BDC12B52EF200008F463 /* WorkSpaceAddViewController.swift */,
				DE62BDC52B53E3B50008F463 /* WorkSpaceAddViewModel.swift */,
			);
			path = Add;
			sourceTree = "<group>";
		};
		DE91F0662B46922500F44E01 /* Signup */ = {
			isa = PBXGroup;
			children = (
				DE91F0672B46923B00F44E01 /* SignupViewController.swift */,
				DE91F06D2B480C8000F44E01 /* SignupViewModel.swift */,
			);
			path = Signup;
			sourceTree = "<group>";
		};
		DE91F0782B4AE74200F44E01 /* Network */ = {
			isa = PBXGroup;
			children = (
				DE91F0792B4AE75100F44E01 /* Router.swift */,
				DE91F0832B4C0BBC00F44E01 /* APIManger.swift */,
				DE91F0852B4C122B00F44E01 /* NetworkError.swift */,
			);
			path = Network;
			sourceTree = "<group>";
		};
		DE91F0802B4BBFA900F44E01 /* Model */ = {
			isa = PBXGroup;
			children = (
				DE91F0812B4BBFB400F44E01 /* SignupModel.swift */,
				DE91F08B2B4D154000F44E01 /* CheckEmailModel.swift */,
				DE91F0872B4C17D500F44E01 /* NetworkErrorModel.swift */,
				DE91F0A82B51543E00F44E01 /* LoginModel.swift */,
				DE62BDC72B5504A60008F463 /* AddWorkSpaceBodyModel.swift */,
			);
			path = Model;
			sourceTree = "<group>";
		};
		DE91F0902B4D4DC100F44E01 /* WorkSpace */ = {
			isa = PBXGroup;
			children = (
				DE62BDC02B52EF120008F463 /* Add */,
				DE91F0912B4D4DF000F44E01 /* Initial */,
			);
			path = WorkSpace;
			sourceTree = "<group>";
		};
		DE91F0912B4D4DF000F44E01 /* Initial */ = {
			isa = PBXGroup;
			children = (
				DE91F0922B4D4E0200F44E01 /* WorkSpaceInitialViewController.swift */,
				DE91F09F2B5010E400F44E01 /* WorkSpaceInitialViewModel.swift */,
			);
			path = Initial;
			sourceTree = "<group>";
		};
		DE91F0942B4D69DB00F44E01 /* Helper */ = {
			isa = PBXGroup;
			children = (
				DE91F0952B4D69ED00F44E01 /* ToastMessageCase.swift */,
				DE91F0972B4D6A1B00F44E01 /* SignupRequiredCase.swift */,
				DE91F0992B4E385600F44E01 /* TokenManger.swift */,
				DE91F09B2B4E38C300F44E01 /* UserDefaultsCase.swift */,
				DE91F0A62B511D4D00F44E01 /* LoginWrongTypeCase.swift */,
			);
			path = Helper;
			sourceTree = "<group>";
		};
		DE91F0A12B501DA800F44E01 /* Login */ = {
			isa = PBXGroup;
			children = (
				DE91F0A22B501DB600F44E01 /* LoginViewController.swift */,
				DE91F0A42B510E6400F44E01 /* LoginViewModel.swift */,
			);
			path = Login;
			sourceTree = "<group>";
		};
		DE9AC6312B43AB7D004D50EF = {
			isa = PBXGroup;
			children = (
				DE9AC63C2B43AB7D004D50EF /* GrowingTalk */,
				DE9AC63B2B43AB7D004D50EF /* Products */,
			);
			sourceTree = "<group>";
		};
		DE9AC63B2B43AB7D004D50EF /* Products */ = {
			isa = PBXGroup;
			children = (
				DE9AC63A2B43AB7D004D50EF /* GrowingTalk.app */,
			);
			name = Products;
			sourceTree = "<group>";
		};
		DE9AC63C2B43AB7D004D50EF /* GrowingTalk */ = {
			isa = PBXGroup;
			children = (
				DE91F0942B4D69DB00F44E01 /* Helper */,
				DE91F0802B4BBFA900F44E01 /* Model */,
				DE91F0782B4AE74200F44E01 /* Network */,
				DEAB5CE62B456EA500C9A71C /* CustomView */,
				DEAB5CE32B456AC000C9A71C /* App */,
				DE9AC6702B4563D2004D50EF /* Font */,
				DE9AC6672B4519CE004D50EF /* Extension */,
				DE9AC6632B4518E8004D50EF /* Scene */,
				DE9AC6462B43AB7F004D50EF /* Assets.xcassets */,
				DE9AC6482B43AB7F004D50EF /* LaunchScreen.storyboard */,
				DE9AC64B2B43AB7F004D50EF /* Info.plist */,
				DE91F0742B4A6AB300F44E01 /* SecretKeys.swift */,
			);
			path = GrowingTalk;
			sourceTree = "<group>";
		};
		DE9AC6632B4518E8004D50EF /* Scene */ = {
			isa = PBXGroup;
			children = (
				DE91F0662B46922500F44E01 /* Signup */,
				DEAB5CEB2B45893100C9A71C /* Onboarding */,
				DE91F0A12B501DA800F44E01 /* Login */,
				DE91F0902B4D4DC100F44E01 /* WorkSpace */,
				DE9AC6642B4518F3004D50EF /* Base */,
			);
			path = Scene;
			sourceTree = "<group>";
		};
		DE9AC6642B4518F3004D50EF /* Base */ = {
			isa = PBXGroup;
			children = (
				DEAB5CF42B45911000C9A71C /* ViewModelType.swift */,
				DE9AC6652B451900004D50EF /* BaseView.swift */,
				DE9AC66A2B45337C004D50EF /* BaseViewController.swift */,
			);
			path = Base;
			sourceTree = "<group>";
		};
		DE9AC6672B4519CE004D50EF /* Extension */ = {
			isa = PBXGroup;
			children = (
				DE9AC6682B4519DC004D50EF /* Extension+UIColor.swift */,
				DE9AC66E2B454BBA004D50EF /* Extension+UIFont.swift */,
				DEAB5CE72B456FCB00C9A71C /* Extension+UIView.swift */,
				DE91F0722B4826C600F44E01 /* Extension+UIViewController.swift */,
				DE91F0762B4AA33200F44E01 /* Extension+String.swift */,
				DE62BDC32B52FD450008F463 /* Extension+UIImage.swift */,
			);
			path = Extension;
			sourceTree = "<group>";
		};
		DE9AC6702B4563D2004D50EF /* Font */ = {
			isa = PBXGroup;
			children = (
				DE9AC6722B45648F004D50EF /* SF-Pro.ttf */,
			);
			path = Font;
			sourceTree = "<group>";
		};
		DEAB5CE32B456AC000C9A71C /* App */ = {
			isa = PBXGroup;
			children = (
				DE9AC63D2B43AB7D004D50EF /* AppDelegate.swift */,
				DE9AC63F2B43AB7D004D50EF /* SceneDelegate.swift */,
			);
			path = App;
			sourceTree = "<group>";
		};
		DEAB5CE62B456EA500C9A71C /* CustomView */ = {
			isa = PBXGroup;
			children = (
				DEAB5CE92B4570E600C9A71C /* InteractionButton.swift */,
				DEAB5CF02B458A3C00C9A71C /* ImageWrapButton.swift */,
				DE91F0692B46980900F44E01 /* LabelTextField.swift */,
			);
			path = CustomView;
			sourceTree = "<group>";
		};
		DEAB5CEB2B45893100C9A71C /* Onboarding */ = {
			isa = PBXGroup;
			children = (
				DEAB5CE42B456E9C00C9A71C /* OnboardingViewController.swift */,
				DEAB5CEE2B4589BD00C9A71C /* AuthViewController.swift */,
			);
			path = Onboarding;
			sourceTree = "<group>";
		};
/* End PBXGroup section */

/* Begin PBXNativeTarget section */
		DE9AC6392B43AB7D004D50EF /* GrowingTalk */ = {
			isa = PBXNativeTarget;
			buildConfigurationList = DE9AC64E2B43AB7F004D50EF /* Build configuration list for PBXNativeTarget "GrowingTalk" */;
			buildPhases = (
				DE9AC6362B43AB7D004D50EF /* Sources */,
				DE9AC6372B43AB7D004D50EF /* Frameworks */,
				DE9AC6382B43AB7D004D50EF /* Resources */,
			);
			buildRules = (
			);
			dependencies = (
			);
			name = GrowingTalk;
			packageProductDependencies = (
				DE9AC6522B43AD90004D50EF /* RxCocoa */,
				DE9AC6542B43AD90004D50EF /* RxRelay */,
				DE9AC6562B43AD90004D50EF /* RxSwift */,
				DE9AC6592B43AD9F004D50EF /* Then */,
				DE9AC65C2B43ADAB004D50EF /* Kingfisher */,
				DE9AC65F2B43ADBF004D50EF /* SnapKit */,
				DE91F0702B4818D300F44E01 /* Toast */,
				DE91F07C2B4AE78B00F44E01 /* Moya */,
				DE91F07E2B4AE78B00F44E01 /* RxMoya */,
				DE91F08E2B4D1EAF00F44E01 /* IQKeyboardManagerSwift */,
			);
			productName = GrowingTalk;
			productReference = DE9AC63A2B43AB7D004D50EF /* GrowingTalk.app */;
			productType = "com.apple.product-type.application";
		};
/* End PBXNativeTarget section */

/* Begin PBXProject section */
		DE9AC6322B43AB7D004D50EF /* Project object */ = {
			isa = PBXProject;
			attributes = {
				BuildIndependentTargetsInParallel = 1;
				LastSwiftUpdateCheck = 1510;
				LastUpgradeCheck = 1510;
				TargetAttributes = {
					DE9AC6392B43AB7D004D50EF = {
						CreatedOnToolsVersion = 15.1;
					};
				};
			};
			buildConfigurationList = DE9AC6352B43AB7D004D50EF /* Build configuration list for PBXProject "GrowingTalk" */;
			compatibilityVersion = "Xcode 14.0";
			developmentRegion = en;
			hasScannedForEncodings = 0;
			knownRegions = (
				en,
				Base,
			);
			mainGroup = DE9AC6312B43AB7D004D50EF;
			packageReferences = (
				DE9AC6512B43AD90004D50EF /* XCRemoteSwiftPackageReference "RxSwift" */,
				DE9AC6582B43AD9F004D50EF /* XCRemoteSwiftPackageReference "Then" */,
				DE9AC65B2B43ADAB004D50EF /* XCRemoteSwiftPackageReference "Kingfisher" */,
				DE9AC65E2B43ADBF004D50EF /* XCRemoteSwiftPackageReference "SnapKit" */,
				DE91F06F2B4818D300F44E01 /* XCRemoteSwiftPackageReference "Toast-Swift" */,
				DE91F07B2B4AE78B00F44E01 /* XCRemoteSwiftPackageReference "Moya" */,
				DE91F08D2B4D1EAF00F44E01 /* XCRemoteSwiftPackageReference "IQKeyboardManager" */,
			);
			productRefGroup = DE9AC63B2B43AB7D004D50EF /* Products */;
			projectDirPath = "";
			projectRoot = "";
			targets = (
				DE9AC6392B43AB7D004D50EF /* GrowingTalk */,
			);
		};
/* End PBXProject section */

/* Begin PBXResourcesBuildPhase section */
		DE9AC6382B43AB7D004D50EF /* Resources */ = {
			isa = PBXResourcesBuildPhase;
			buildActionMask = 2147483647;
			files = (
				DE9AC64A2B43AB7F004D50EF /* LaunchScreen.storyboard in Resources */,
				DE9AC6732B45648F004D50EF /* SF-Pro.ttf in Resources */,
				DE9AC6472B43AB7F004D50EF /* Assets.xcassets in Resources */,
			);
			runOnlyForDeploymentPostprocessing = 0;
		};
/* End PBXResourcesBuildPhase section */

/* Begin PBXSourcesBuildPhase section */
		DE9AC6362B43AB7D004D50EF /* Sources */ = {
			isa = PBXSourcesBuildPhase;
			buildActionMask = 2147483647;
			files = (
				DE91F0732B4826C600F44E01 /* Extension+UIViewController.swift in Sources */,
				DE9AC66F2B454BBA004D50EF /* Extension+UIFont.swift in Sources */,
				DE91F0932B4D4E0200F44E01 /* WorkSpaceInitialViewController.swift in Sources */,
				DEAB5CEA2B4570E600C9A71C /* InteractionButton.swift in Sources */,
				DE91F06A2B46980900F44E01 /* LabelTextField.swift in Sources */,
				DEAB5CEF2B4589BD00C9A71C /* AuthViewController.swift in Sources */,
				DE62BDC62B53E3B50008F463 /* WorkSpaceAddViewModel.swift in Sources */,
				DEAB5CF12B458A3C00C9A71C /* ImageWrapButton.swift in Sources */,
				DE91F0962B4D69ED00F44E01 /* ToastMessageCase.swift in Sources */,
				DE91F0822B4BBFB400F44E01 /* SignupModel.swift in Sources */,
				DE91F0A02B5010E400F44E01 /* WorkSpaceInitialViewModel.swift in Sources */,
				DE91F08C2B4D154000F44E01 /* CheckEmailModel.swift in Sources */,
				DE91F07A2B4AE75100F44E01 /* Router.swift in Sources */,
				DE91F09A2B4E385600F44E01 /* TokenManger.swift in Sources */,
				DE9AC6692B4519DC004D50EF /* Extension+UIColor.swift in Sources */,
				DE91F0862B4C122B00F44E01 /* NetworkError.swift in Sources */,
				DE91F0A32B501DB600F44E01 /* LoginViewController.swift in Sources */,
				DE91F0842B4C0BBC00F44E01 /* APIManger.swift in Sources */,
				DE62BDC22B52EF200008F463 /* WorkSpaceAddViewController.swift in Sources */,
				DE91F06E2B480C8000F44E01 /* SignupViewModel.swift in Sources */,
				DE62BDC82B5504A60008F463 /* AddWorkSpaceBodyModel.swift in Sources */,
				DE91F0982B4D6A1B00F44E01 /* SignupRequiredCase.swift in Sources */,
				DEAB5CE52B456E9C00C9A71C /* OnboardingViewController.swift in Sources */,
				DE91F0A52B510E6400F44E01 /* LoginViewModel.swift in Sources */,
				DE91F0882B4C17D500F44E01 /* NetworkErrorModel.swift in Sources */,
				DE9AC63E2B43AB7D004D50EF /* AppDelegate.swift in Sources */,
				DE9AC6402B43AB7D004D50EF /* SceneDelegate.swift in Sources */,
				DE9AC6662B451900004D50EF /* BaseView.swift in Sources */,
				DE91F0A92B51543E00F44E01 /* LoginModel.swift in Sources */,
				DE91F0682B46923B00F44E01 /* SignupViewController.swift in Sources */,
				DE9AC66B2B45337C004D50EF /* BaseViewController.swift in Sources */,
				DE91F0772B4AA33200F44E01 /* Extension+String.swift in Sources */,
				DE91F0A72B511D4D00F44E01 /* LoginWrongTypeCase.swift in Sources */,
				DE62BDC42B52FD450008F463 /* Extension+UIImage.swift in Sources */,
				DEAB5CE82B456FCB00C9A71C /* Extension+UIView.swift in Sources */,
				DE91F09C2B4E38C300F44E01 /* UserDefaultsCase.swift in Sources */,
				DE91F0752B4A6AB300F44E01 /* SecretKeys.swift in Sources */,
				DEAB5CF52B45911000C9A71C /* ViewModelType.swift in Sources */,
			);
			runOnlyForDeploymentPostprocessing = 0;
		};
/* End PBXSourcesBuildPhase section */

/* Begin PBXVariantGroup section */
		DE9AC6482B43AB7F004D50EF /* LaunchScreen.storyboard */ = {
			isa = PBXVariantGroup;
			children = (
				DE9AC6492B43AB7F004D50EF /* Base */,
			);
			name = LaunchScreen.storyboard;
			sourceTree = "<group>";
		};
/* End PBXVariantGroup section */

/* Begin XCBuildConfiguration section */
		DE9AC64C2B43AB7F004D50EF /* Debug */ = {
			isa = XCBuildConfiguration;
			buildSettings = {
				ALWAYS_SEARCH_USER_PATHS = NO;
				ASSETCATALOG_COMPILER_GENERATE_SWIFT_ASSET_SYMBOL_EXTENSIONS = YES;
				CLANG_ANALYZER_NONNULL = YES;
				CLANG_ANALYZER_NUMBER_OBJECT_CONVERSION = YES_AGGRESSIVE;
				CLANG_CXX_LANGUAGE_STANDARD = "gnu++20";
				CLANG_ENABLE_MODULES = YES;
				CLANG_ENABLE_OBJC_ARC = YES;
				CLANG_ENABLE_OBJC_WEAK = YES;
				CLANG_WARN_BLOCK_CAPTURE_AUTORELEASING = YES;
				CLANG_WARN_BOOL_CONVERSION = YES;
				CLANG_WARN_COMMA = YES;
				CLANG_WARN_CONSTANT_CONVERSION = YES;
				CLANG_WARN_DEPRECATED_OBJC_IMPLEMENTATIONS = YES;
				CLANG_WARN_DIRECT_OBJC_ISA_USAGE = YES_ERROR;
				CLANG_WARN_DOCUMENTATION_COMMENTS = YES;
				CLANG_WARN_EMPTY_BODY = YES;
				CLANG_WARN_ENUM_CONVERSION = YES;
				CLANG_WARN_INFINITE_RECURSION = YES;
				CLANG_WARN_INT_CONVERSION = YES;
				CLANG_WARN_NON_LITERAL_NULL_CONVERSION = YES;
				CLANG_WARN_OBJC_IMPLICIT_RETAIN_SELF = YES;
				CLANG_WARN_OBJC_LITERAL_CONVERSION = YES;
				CLANG_WARN_OBJC_ROOT_CLASS = YES_ERROR;
				CLANG_WARN_QUOTED_INCLUDE_IN_FRAMEWORK_HEADER = YES;
				CLANG_WARN_RANGE_LOOP_ANALYSIS = YES;
				CLANG_WARN_STRICT_PROTOTYPES = YES;
				CLANG_WARN_SUSPICIOUS_MOVE = YES;
				CLANG_WARN_UNGUARDED_AVAILABILITY = YES_AGGRESSIVE;
				CLANG_WARN_UNREACHABLE_CODE = YES;
				CLANG_WARN__DUPLICATE_METHOD_MATCH = YES;
				COPY_PHASE_STRIP = NO;
				DEBUG_INFORMATION_FORMAT = dwarf;
				ENABLE_STRICT_OBJC_MSGSEND = YES;
				ENABLE_TESTABILITY = YES;
				ENABLE_USER_SCRIPT_SANDBOXING = YES;
				GCC_C_LANGUAGE_STANDARD = gnu17;
				GCC_DYNAMIC_NO_PIC = NO;
				GCC_NO_COMMON_BLOCKS = YES;
				GCC_OPTIMIZATION_LEVEL = 0;
				GCC_PREPROCESSOR_DEFINITIONS = (
					"DEBUG=1",
					"$(inherited)",
				);
				GCC_WARN_64_TO_32_BIT_CONVERSION = YES;
				GCC_WARN_ABOUT_RETURN_TYPE = YES_ERROR;
				GCC_WARN_UNDECLARED_SELECTOR = YES;
				GCC_WARN_UNINITIALIZED_AUTOS = YES_AGGRESSIVE;
				GCC_WARN_UNUSED_FUNCTION = YES;
				GCC_WARN_UNUSED_VARIABLE = YES;
				IPHONEOS_DEPLOYMENT_TARGET = 17.2;
				LOCALIZATION_PREFERS_STRING_CATALOGS = YES;
				MTL_ENABLE_DEBUG_INFO = INCLUDE_SOURCE;
				MTL_FAST_MATH = YES;
				ONLY_ACTIVE_ARCH = YES;
				SDKROOT = iphoneos;
				SWIFT_ACTIVE_COMPILATION_CONDITIONS = "DEBUG $(inherited)";
				SWIFT_OPTIMIZATION_LEVEL = "-Onone";
			};
			name = Debug;
		};
		DE9AC64D2B43AB7F004D50EF /* Release */ = {
			isa = XCBuildConfiguration;
			buildSettings = {
				ALWAYS_SEARCH_USER_PATHS = NO;
				ASSETCATALOG_COMPILER_GENERATE_SWIFT_ASSET_SYMBOL_EXTENSIONS = YES;
				CLANG_ANALYZER_NONNULL = YES;
				CLANG_ANALYZER_NUMBER_OBJECT_CONVERSION = YES_AGGRESSIVE;
				CLANG_CXX_LANGUAGE_STANDARD = "gnu++20";
				CLANG_ENABLE_MODULES = YES;
				CLANG_ENABLE_OBJC_ARC = YES;
				CLANG_ENABLE_OBJC_WEAK = YES;
				CLANG_WARN_BLOCK_CAPTURE_AUTORELEASING = YES;
				CLANG_WARN_BOOL_CONVERSION = YES;
				CLANG_WARN_COMMA = YES;
				CLANG_WARN_CONSTANT_CONVERSION = YES;
				CLANG_WARN_DEPRECATED_OBJC_IMPLEMENTATIONS = YES;
				CLANG_WARN_DIRECT_OBJC_ISA_USAGE = YES_ERROR;
				CLANG_WARN_DOCUMENTATION_COMMENTS = YES;
				CLANG_WARN_EMPTY_BODY = YES;
				CLANG_WARN_ENUM_CONVERSION = YES;
				CLANG_WARN_INFINITE_RECURSION = YES;
				CLANG_WARN_INT_CONVERSION = YES;
				CLANG_WARN_NON_LITERAL_NULL_CONVERSION = YES;
				CLANG_WARN_OBJC_IMPLICIT_RETAIN_SELF = YES;
				CLANG_WARN_OBJC_LITERAL_CONVERSION = YES;
				CLANG_WARN_OBJC_ROOT_CLASS = YES_ERROR;
				CLANG_WARN_QUOTED_INCLUDE_IN_FRAMEWORK_HEADER = YES;
				CLANG_WARN_RANGE_LOOP_ANALYSIS = YES;
				CLANG_WARN_STRICT_PROTOTYPES = YES;
				CLANG_WARN_SUSPICIOUS_MOVE = YES;
				CLANG_WARN_UNGUARDED_AVAILABILITY = YES_AGGRESSIVE;
				CLANG_WARN_UNREACHABLE_CODE = YES;
				CLANG_WARN__DUPLICATE_METHOD_MATCH = YES;
				COPY_PHASE_STRIP = NO;
				DEBUG_INFORMATION_FORMAT = "dwarf-with-dsym";
				ENABLE_NS_ASSERTIONS = NO;
				ENABLE_STRICT_OBJC_MSGSEND = YES;
				ENABLE_USER_SCRIPT_SANDBOXING = YES;
				GCC_C_LANGUAGE_STANDARD = gnu17;
				GCC_NO_COMMON_BLOCKS = YES;
				GCC_WARN_64_TO_32_BIT_CONVERSION = YES;
				GCC_WARN_ABOUT_RETURN_TYPE = YES_ERROR;
				GCC_WARN_UNDECLARED_SELECTOR = YES;
				GCC_WARN_UNINITIALIZED_AUTOS = YES_AGGRESSIVE;
				GCC_WARN_UNUSED_FUNCTION = YES;
				GCC_WARN_UNUSED_VARIABLE = YES;
				IPHONEOS_DEPLOYMENT_TARGET = 17.2;
				LOCALIZATION_PREFERS_STRING_CATALOGS = YES;
				MTL_ENABLE_DEBUG_INFO = NO;
				MTL_FAST_MATH = YES;
				SDKROOT = iphoneos;
				SWIFT_COMPILATION_MODE = wholemodule;
				VALIDATE_PRODUCT = YES;
			};
			name = Release;
		};
		DE9AC64F2B43AB7F004D50EF /* Debug */ = {
			isa = XCBuildConfiguration;
			buildSettings = {
				ASSETCATALOG_COMPILER_APPICON_NAME = AppIcon;
				ASSETCATALOG_COMPILER_GLOBAL_ACCENT_COLOR_NAME = AccentColor;
				CODE_SIGN_STYLE = Automatic;
				CURRENT_PROJECT_VERSION = 1;
				DEVELOPMENT_TEAM = AYG8MBJF93;
				GENERATE_INFOPLIST_FILE = YES;
				INFOPLIST_FILE = GrowingTalk/Info.plist;
				INFOPLIST_KEY_UIApplicationSupportsIndirectInputEvents = YES;
				INFOPLIST_KEY_UILaunchStoryboardName = LaunchScreen;
				INFOPLIST_KEY_UISupportedInterfaceOrientations = UIInterfaceOrientationPortrait;
				INFOPLIST_KEY_UISupportedInterfaceOrientations_iPad = "UIInterfaceOrientationLandscapeLeft UIInterfaceOrientationLandscapeRight UIInterfaceOrientationPortrait UIInterfaceOrientationPortraitUpsideDown";
				IPHONEOS_DEPLOYMENT_TARGET = 17.0;
				LD_RUNPATH_SEARCH_PATHS = (
					"$(inherited)",
					"@executable_path/Frameworks",
				);
				MARKETING_VERSION = 1.0;
				PRODUCT_BUNDLE_IDENTIFIER = "ILWAT-com.github.GrowingTalk";
				PRODUCT_NAME = "$(TARGET_NAME)";
				SUPPORTED_PLATFORMS = "iphoneos iphonesimulator";
				SUPPORTS_MACCATALYST = NO;
				SWIFT_EMIT_LOC_STRINGS = YES;
				SWIFT_VERSION = 5.0;
				TARGETED_DEVICE_FAMILY = 1;
			};
			name = Debug;
		};
		DE9AC6502B43AB7F004D50EF /* Release */ = {
			isa = XCBuildConfiguration;
			buildSettings = {
				ASSETCATALOG_COMPILER_APPICON_NAME = AppIcon;
				ASSETCATALOG_COMPILER_GLOBAL_ACCENT_COLOR_NAME = AccentColor;
				CODE_SIGN_STYLE = Automatic;
				CURRENT_PROJECT_VERSION = 1;
				DEVELOPMENT_TEAM = AYG8MBJF93;
				GENERATE_INFOPLIST_FILE = YES;
				INFOPLIST_FILE = GrowingTalk/Info.plist;
				INFOPLIST_KEY_UIApplicationSupportsIndirectInputEvents = YES;
				INFOPLIST_KEY_UILaunchStoryboardName = LaunchScreen;
				INFOPLIST_KEY_UISupportedInterfaceOrientations = UIInterfaceOrientationPortrait;
				INFOPLIST_KEY_UISupportedInterfaceOrientations_iPad = "UIInterfaceOrientationLandscapeLeft UIInterfaceOrientationLandscapeRight UIInterfaceOrientationPortrait UIInterfaceOrientationPortraitUpsideDown";
				IPHONEOS_DEPLOYMENT_TARGET = 17.0;
				LD_RUNPATH_SEARCH_PATHS = (
					"$(inherited)",
					"@executable_path/Frameworks",
				);
				MARKETING_VERSION = 1.0;
				PRODUCT_BUNDLE_IDENTIFIER = "ILWAT-com.github.GrowingTalk";
				PRODUCT_NAME = "$(TARGET_NAME)";
				SUPPORTED_PLATFORMS = "iphoneos iphonesimulator";
				SUPPORTS_MACCATALYST = NO;
				SWIFT_EMIT_LOC_STRINGS = YES;
				SWIFT_VERSION = 5.0;
				TARGETED_DEVICE_FAMILY = 1;
			};
			name = Release;
		};
/* End XCBuildConfiguration section */

/* Begin XCConfigurationList section */
		DE9AC6352B43AB7D004D50EF /* Build configuration list for PBXProject "GrowingTalk" */ = {
			isa = XCConfigurationList;
			buildConfigurations = (
				DE9AC64C2B43AB7F004D50EF /* Debug */,
				DE9AC64D2B43AB7F004D50EF /* Release */,
			);
			defaultConfigurationIsVisible = 0;
			defaultConfigurationName = Release;
		};
		DE9AC64E2B43AB7F004D50EF /* Build configuration list for PBXNativeTarget "GrowingTalk" */ = {
			isa = XCConfigurationList;
			buildConfigurations = (
				DE9AC64F2B43AB7F004D50EF /* Debug */,
				DE9AC6502B43AB7F004D50EF /* Release */,
			);
			defaultConfigurationIsVisible = 0;
			defaultConfigurationName = Release;
		};
/* End XCConfigurationList section */

/* Begin XCRemoteSwiftPackageReference section */
		DE91F06F2B4818D300F44E01 /* XCRemoteSwiftPackageReference "Toast-Swift" */ = {
			isa = XCRemoteSwiftPackageReference;
			repositoryURL = "https://github.com/scalessec/Toast-Swift";
			requirement = {
				kind = upToNextMinorVersion;
				minimumVersion = 5.0.1;
			};
		};
		DE91F07B2B4AE78B00F44E01 /* XCRemoteSwiftPackageReference "Moya" */ = {
			isa = XCRemoteSwiftPackageReference;
			repositoryURL = "https://github.com/Moya/Moya";
			requirement = {
				kind = upToNextMinorVersion;
				minimumVersion = 15.0.3;
			};
		};
		DE91F08D2B4D1EAF00F44E01 /* XCRemoteSwiftPackageReference "IQKeyboardManager" */ = {
			isa = XCRemoteSwiftPackageReference;
			repositoryURL = "https://github.com/hackiftekhar/IQKeyboardManager.git";
			requirement = {
				kind = exactVersion;
				version = 7.0.0;
			};
		};
		DE9AC6512B43AD90004D50EF /* XCRemoteSwiftPackageReference "RxSwift" */ = {
			isa = XCRemoteSwiftPackageReference;
			repositoryURL = "https://github.com/ReactiveX/RxSwift";
			requirement = {
				kind = upToNextMinorVersion;
				minimumVersion = 6.6.0;
			};
		};
		DE9AC6582B43AD9F004D50EF /* XCRemoteSwiftPackageReference "Then" */ = {
			isa = XCRemoteSwiftPackageReference;
			repositoryURL = "https://github.com/devxoul/Then";
			requirement = {
				kind = upToNextMinorVersion;
				minimumVersion = 3.0.0;
			};
		};
		DE9AC65B2B43ADAB004D50EF /* XCRemoteSwiftPackageReference "Kingfisher" */ = {
			isa = XCRemoteSwiftPackageReference;
			repositoryURL = "https://github.com/onevcat/Kingfisher";
			requirement = {
				kind = upToNextMinorVersion;
				minimumVersion = 7.10.1;
			};
		};
		DE9AC65E2B43ADBF004D50EF /* XCRemoteSwiftPackageReference "SnapKit" */ = {
			isa = XCRemoteSwiftPackageReference;
			repositoryURL = "https://github.com/SnapKit/SnapKit.git";
			requirement = {
				kind = upToNextMinorVersion;
				minimumVersion = 5.7.0;
			};
		};
/* End XCRemoteSwiftPackageReference section */

/* Begin XCSwiftPackageProductDependency section */
		DE91F0702B4818D300F44E01 /* Toast */ = {
			isa = XCSwiftPackageProductDependency;
			package = DE91F06F2B4818D300F44E01 /* XCRemoteSwiftPackageReference "Toast-Swift" */;
			productName = Toast;
		};
		DE91F07C2B4AE78B00F44E01 /* Moya */ = {
			isa = XCSwiftPackageProductDependency;
			package = DE91F07B2B4AE78B00F44E01 /* XCRemoteSwiftPackageReference "Moya" */;
			productName = Moya;
		};
		DE91F07E2B4AE78B00F44E01 /* RxMoya */ = {
			isa = XCSwiftPackageProductDependency;
			package = DE91F07B2B4AE78B00F44E01 /* XCRemoteSwiftPackageReference "Moya" */;
			productName = RxMoya;
		};
		DE91F08E2B4D1EAF00F44E01 /* IQKeyboardManagerSwift */ = {
			isa = XCSwiftPackageProductDependency;
			package = DE91F08D2B4D1EAF00F44E01 /* XCRemoteSwiftPackageReference "IQKeyboardManager" */;
			productName = IQKeyboardManagerSwift;
		};
		DE9AC6522B43AD90004D50EF /* RxCocoa */ = {
			isa = XCSwiftPackageProductDependency;
			package = DE9AC6512B43AD90004D50EF /* XCRemoteSwiftPackageReference "RxSwift" */;
			productName = RxCocoa;
		};
		DE9AC6542B43AD90004D50EF /* RxRelay */ = {
			isa = XCSwiftPackageProductDependency;
			package = DE9AC6512B43AD90004D50EF /* XCRemoteSwiftPackageReference "RxSwift" */;
			productName = RxRelay;
		};
		DE9AC6562B43AD90004D50EF /* RxSwift */ = {
			isa = XCSwiftPackageProductDependency;
			package = DE9AC6512B43AD90004D50EF /* XCRemoteSwiftPackageReference "RxSwift" */;
			productName = RxSwift;
		};
		DE9AC6592B43AD9F004D50EF /* Then */ = {
			isa = XCSwiftPackageProductDependency;
			package = DE9AC6582B43AD9F004D50EF /* XCRemoteSwiftPackageReference "Then" */;
			productName = Then;
		};
		DE9AC65C2B43ADAB004D50EF /* Kingfisher */ = {
			isa = XCSwiftPackageProductDependency;
			package = DE9AC65B2B43ADAB004D50EF /* XCRemoteSwiftPackageReference "Kingfisher" */;
			productName = Kingfisher;
		};
		DE9AC65F2B43ADBF004D50EF /* SnapKit */ = {
			isa = XCSwiftPackageProductDependency;
			package = DE9AC65E2B43ADBF004D50EF /* XCRemoteSwiftPackageReference "SnapKit" */;
			productName = SnapKit;
		};
/* End XCSwiftPackageProductDependency section */
	};
	rootObject = DE9AC6322B43AB7D004D50EF /* Project object */;
}
